// !$*UTF8*$!
{
	archiveVersion = 1;
	classes = {
	};
	objectVersion = 48;
	objects = {

/* Begin PBXBuildFile section */
		380A5DFE203D0AB40099B9A3 /* RoundableButton.swift in Sources */ = {isa = PBXBuildFile; fileRef = 380A5DFD203D0AB40099B9A3 /* RoundableButton.swift */; };
		380DA89E2035C97E00C00B59 /* Assets.xcassets in Resources */ = {isa = PBXBuildFile; fileRef = 380DA89D2035C97E00C00B59 /* Assets.xcassets */; };
		38178E51207B466500DA03E0 /* WizcardManager.swift in Sources */ = {isa = PBXBuildFile; fileRef = 38178E50207B466500DA03E0 /* WizcardManager.swift */; };
		381EB714207467C7005597A2 /* WizcardCore.xcdatamodeld in Sources */ = {isa = PBXBuildFile; fileRef = 381EB712207467C7005597A2 /* WizcardCore.xcdatamodeld */; };
		38229AB9207E5F5400E476FC /* BaseManager.swift in Sources */ = {isa = PBXBuildFile; fileRef = 38229AB8207E5F5400E476FC /* BaseManager.swift */; };
		38271A4920A021200045BBE7 /* CornerRadiousAndShadowView.swift in Sources */ = {isa = PBXBuildFile; fileRef = 38271A4820A021200045BBE7 /* CornerRadiousAndShadowView.swift */; };
		38271A4B20A03ADA0045BBE7 /* BaseViewController.swift in Sources */ = {isa = PBXBuildFile; fileRef = 38271A4A20A03ADA0045BBE7 /* BaseViewController.swift */; };
		3828F37D2067C0D6008C99AD /* JustHUD.swift in Sources */ = {isa = PBXBuildFile; fileRef = 3828F37C2067C0D6008C99AD /* JustHUD.swift */; };
		3828F37F2067C180008C99AD /* GSMessage.swift in Sources */ = {isa = PBXBuildFile; fileRef = 3828F37E2067C180008C99AD /* GSMessage.swift */; };
		3828F3812067CAD4008C99AD /* AJTextField.swift in Sources */ = {isa = PBXBuildFile; fileRef = 3828F3802067CAD4008C99AD /* AJTextField.swift */; };
		38294E84208041BB00188FA9 /* ExtFieldManager.swift in Sources */ = {isa = PBXBuildFile; fileRef = 38294E83208041BB00188FA9 /* ExtFieldManager.swift */; };
		382BF6B32083241600BB0219 /* EventManager.swift in Sources */ = {isa = PBXBuildFile; fileRef = 382BF6B22083241600BB0219 /* EventManager.swift */; };
		3833F94B2092B06D00ED740A /* CommonFunction.swift in Sources */ = {isa = PBXBuildFile; fileRef = 3833F94A2092B06D00ED740A /* CommonFunction.swift */; };
		3841E73720676E9B00DB6F1A /* BaseServices.swift in Sources */ = {isa = PBXBuildFile; fileRef = 3841E73220676E9B00DB6F1A /* BaseServices.swift */; };
		384A4ABD20789C3F006ABBBA /* LocationManager.swift in Sources */ = {isa = PBXBuildFile; fileRef = 384A4ABC20789C3F006ABBBA /* LocationManager.swift */; };
		3855C40020A7FDEA00BE7FFF /* LandingScreenCell.swift in Sources */ = {isa = PBXBuildFile; fileRef = 3855C3FF20A7FDEA00BE7FFF /* LandingScreenCell.swift */; };
		386D6444208EE85D00FF2EF2 /* SocialMediaManager.swift in Sources */ = {isa = PBXBuildFile; fileRef = 386D6443208EE85D00FF2EF2 /* SocialMediaManager.swift */; };
		386D6446208F0E0000FF2EF2 /* RoundableUIImageView.swift in Sources */ = {isa = PBXBuildFile; fileRef = 386D6445208F0E0000FF2EF2 /* RoundableUIImageView.swift */; };
		386D644B208F158500FF2EF2 /* KACircleCropScrollView.swift in Sources */ = {isa = PBXBuildFile; fileRef = 386D6448208F158500FF2EF2 /* KACircleCropScrollView.swift */; };
		386D644C208F158500FF2EF2 /* KACircleCropViewController.swift in Sources */ = {isa = PBXBuildFile; fileRef = 386D6449208F158500FF2EF2 /* KACircleCropViewController.swift */; };
		386D644D208F158500FF2EF2 /* KACircleCropCutterView.swift in Sources */ = {isa = PBXBuildFile; fileRef = 386D644A208F158500FF2EF2 /* KACircleCropCutterView.swift */; };
		387108F2209EB3390067A924 /* LeftMenuViewController.swift in Sources */ = {isa = PBXBuildFile; fileRef = 387108F1209EB3390067A924 /* LeftMenuViewController.swift */; };
		38710902209EDBA20067A924 /* Roboto-Medium.ttf in Resources */ = {isa = PBXBuildFile; fileRef = 387108F5209EDBA00067A924 /* Roboto-Medium.ttf */; };
		38710903209EDBA20067A924 /* Roboto-Light.ttf in Resources */ = {isa = PBXBuildFile; fileRef = 387108F6209EDBA00067A924 /* Roboto-Light.ttf */; };
		38710904209EDBA20067A924 /* Roboto-Regular.ttf in Resources */ = {isa = PBXBuildFile; fileRef = 387108F7209EDBA00067A924 /* Roboto-Regular.ttf */; };
		38710905209EDBA20067A924 /* Roboto-MediumItalic.ttf in Resources */ = {isa = PBXBuildFile; fileRef = 387108F8209EDBA00067A924 /* Roboto-MediumItalic.ttf */; };
		38710906209EDBA20067A924 /* Roboto-ThinItalic.ttf in Resources */ = {isa = PBXBuildFile; fileRef = 387108F9209EDBA00067A924 /* Roboto-ThinItalic.ttf */; };
		38710907209EDBA20067A924 /* Roboto-BoldItalic.ttf in Resources */ = {isa = PBXBuildFile; fileRef = 387108FA209EDBA00067A924 /* Roboto-BoldItalic.ttf */; };
		38710908209EDBA20067A924 /* Roboto-LightItalic.ttf in Resources */ = {isa = PBXBuildFile; fileRef = 387108FB209EDBA00067A924 /* Roboto-LightItalic.ttf */; };
		38710909209EDBA20067A924 /* Roboto-Italic.ttf in Resources */ = {isa = PBXBuildFile; fileRef = 387108FC209EDBA00067A924 /* Roboto-Italic.ttf */; };
		3871090A209EDBA20067A924 /* LICENSE.txt in Resources */ = {isa = PBXBuildFile; fileRef = 387108FD209EDBA00067A924 /* LICENSE.txt */; };
		3871090B209EDBA20067A924 /* Roboto-BlackItalic.ttf in Resources */ = {isa = PBXBuildFile; fileRef = 387108FE209EDBA00067A924 /* Roboto-BlackItalic.ttf */; };
		3871090C209EDBA20067A924 /* Roboto-Bold.ttf in Resources */ = {isa = PBXBuildFile; fileRef = 387108FF209EDBA00067A924 /* Roboto-Bold.ttf */; };
		3871090D209EDBA20067A924 /* Roboto-Thin.ttf in Resources */ = {isa = PBXBuildFile; fileRef = 38710900209EDBA00067A924 /* Roboto-Thin.ttf */; };
		3871090E209EDBA20067A924 /* Roboto-Black.ttf in Resources */ = {isa = PBXBuildFile; fileRef = 38710901209EDBA00067A924 /* Roboto-Black.ttf */; };
		38710910209EE6C70067A924 /* MeViewController.swift in Sources */ = {isa = PBXBuildFile; fileRef = 3871090F209EE6C70067A924 /* MeViewController.swift */; };
		3873E6882090374C00486942 /* FCImageCaptureViewController.m in Sources */ = {isa = PBXBuildFile; fileRef = 3873E6872090374C00486942 /* FCImageCaptureViewController.m */; };
		3873E68C2090412800486942 /* UIImage+Rotation.m in Sources */ = {isa = PBXBuildFile; fileRef = 3873E68B2090412800486942 /* UIImage+Rotation.m */; };
		3873E68F2090417500486942 /* UIImage+Sizing.m in Sources */ = {isa = PBXBuildFile; fileRef = 3873E68E2090417500486942 /* UIImage+Sizing.m */; };
		3873E692209042BF00486942 /* UIColor+FullContact.m in Sources */ = {isa = PBXBuildFile; fileRef = 3873E691209042BF00486942 /* UIColor+FullContact.m */; };
		3873E6982090966D00486942 /* BorderView.swift in Sources */ = {isa = PBXBuildFile; fileRef = 3873E6972090966D00486942 /* BorderView.swift */; };
		38755A53207FB4F900F86F21 /* MediaManager.swift in Sources */ = {isa = PBXBuildFile; fileRef = 38755A52207FB4F900F86F21 /* MediaManager.swift */; };
		38755A66207FC2CA00F86F21 /* Wizcard+CoreDataClass.swift in Sources */ = {isa = PBXBuildFile; fileRef = 38755A60207FC2CA00F86F21 /* Wizcard+CoreDataClass.swift */; };
		38755A67207FC2CA00F86F21 /* Wizcard+CoreDataProperties.swift in Sources */ = {isa = PBXBuildFile; fileRef = 38755A61207FC2CA00F86F21 /* Wizcard+CoreDataProperties.swift */; };
		38755A68207FC2CA00F86F21 /* Media+CoreDataClass.swift in Sources */ = {isa = PBXBuildFile; fileRef = 38755A62207FC2CA00F86F21 /* Media+CoreDataClass.swift */; };
		38755A69207FC2CA00F86F21 /* Media+CoreDataProperties.swift in Sources */ = {isa = PBXBuildFile; fileRef = 38755A63207FC2CA00F86F21 /* Media+CoreDataProperties.swift */; };
		38755A6A207FC2CA00F86F21 /* ContactContainer+CoreDataClass.swift in Sources */ = {isa = PBXBuildFile; fileRef = 38755A64207FC2CA00F86F21 /* ContactContainer+CoreDataClass.swift */; };
		3893594D20A5D792006A9890 /* ExtFields+CoreDataClass.swift in Sources */ = {isa = PBXBuildFile; fileRef = 3893594820A5D790006A9890 /* ExtFields+CoreDataClass.swift */; };
		3893594E20A5D792006A9890 /* Event+CoreDataClass.swift in Sources */ = {isa = PBXBuildFile; fileRef = 3893594920A5D791006A9890 /* Event+CoreDataClass.swift */; };
		3893594F20A5D792006A9890 /* Event+CoreDataProperties.swift in Sources */ = {isa = PBXBuildFile; fileRef = 3893594A20A5D791006A9890 /* Event+CoreDataProperties.swift */; };
		3893595020A5D792006A9890 /* ContactContainer+CoreDataProperties.swift in Sources */ = {isa = PBXBuildFile; fileRef = 3893594B20A5D791006A9890 /* ContactContainer+CoreDataProperties.swift */; };
		3893595120A5D792006A9890 /* ExtFields+CoreDataProperties.swift in Sources */ = {isa = PBXBuildFile; fileRef = 3893594C20A5D791006A9890 /* ExtFields+CoreDataProperties.swift */; };
		3893595320A5E53B006A9890 /* VideoView.swift in Sources */ = {isa = PBXBuildFile; fileRef = 3893595220A5E53B006A9890 /* VideoView.swift */; };
		3893595520A5E54A006A9890 /* VideoView.xib in Resources */ = {isa = PBXBuildFile; fileRef = 3893595420A5E54A006A9890 /* VideoView.xib */; };
		38AF66EB2035261B00DF0440 /* AppDelegate.swift in Sources */ = {isa = PBXBuildFile; fileRef = 38AF66EA2035261B00DF0440 /* AppDelegate.swift */; };
		38AF66ED2035261B00DF0440 /* ViewController.swift in Sources */ = {isa = PBXBuildFile; fileRef = 38AF66EC2035261B00DF0440 /* ViewController.swift */; };
		38AF66F02035261B00DF0440 /* Main.storyboard in Resources */ = {isa = PBXBuildFile; fileRef = 38AF66EE2035261B00DF0440 /* Main.storyboard */; };
		38AF66F82035261B00DF0440 /* LaunchScreen.storyboard in Resources */ = {isa = PBXBuildFile; fileRef = 38AF66F62035261B00DF0440 /* LaunchScreen.storyboard */; };
		38AF67032035261B00DF0440 /* WizcardTests.swift in Sources */ = {isa = PBXBuildFile; fileRef = 38AF67022035261B00DF0440 /* WizcardTests.swift */; };
		38AF670E2035261B00DF0440 /* WizcardUITests.swift in Sources */ = {isa = PBXBuildFile; fileRef = 38AF670D2035261B00DF0440 /* WizcardUITests.swift */; };
		38AF6721203528D000DF0440 /* Crashlytics.framework in Frameworks */ = {isa = PBXBuildFile; fileRef = 38AF671F203528D000DF0440 /* Crashlytics.framework */; };
		38AF6722203528D100DF0440 /* Fabric.framework in Frameworks */ = {isa = PBXBuildFile; fileRef = 38AF6720203528D000DF0440 /* Fabric.framework */; };
		38AF67532035304F00DF0440 /* Constants.swift in Sources */ = {isa = PBXBuildFile; fileRef = 38AF67242035304F00DF0440 /* Constants.swift */; };
		38AF67552035304F00DF0440 /* Date.swift in Sources */ = {isa = PBXBuildFile; fileRef = 38AF67272035304F00DF0440 /* Date.swift */; };
		38AF67562035304F00DF0440 /* UIColor.swift in Sources */ = {isa = PBXBuildFile; fileRef = 38AF67282035304F00DF0440 /* UIColor.swift */; };
		38AF67572035304F00DF0440 /* Notification.swift in Sources */ = {isa = PBXBuildFile; fileRef = 38AF67292035304F00DF0440 /* Notification.swift */; };
		38AF67582035304F00DF0440 /* String.swift in Sources */ = {isa = PBXBuildFile; fileRef = 38AF672A2035304F00DF0440 /* String.swift */; };
		38AF67592035304F00DF0440 /* UIImage.swift in Sources */ = {isa = PBXBuildFile; fileRef = 38AF672B2035304F00DF0440 /* UIImage.swift */; };
		38AF675A2035304F00DF0440 /* UIViewController.swift in Sources */ = {isa = PBXBuildFile; fileRef = 38AF672C2035304F00DF0440 /* UIViewController.swift */; };
		38AF675C2035304F00DF0440 /* DateModel.swift in Sources */ = {isa = PBXBuildFile; fileRef = 38AF672E2035304F00DF0440 /* DateModel.swift */; };
		38AF677A2035304F00DF0440 /* HelperFunction.swift in Sources */ = {isa = PBXBuildFile; fileRef = 38AF67522035304F00DF0440 /* HelperFunction.swift */; };
		38B1AE8320988E9A00B12970 /* LandingScreenViewController.swift in Sources */ = {isa = PBXBuildFile; fileRef = 38B1AE8220988E9A00B12970 /* LandingScreenViewController.swift */; };
		38B1AE8720988F1800B12970 /* LandingScreen.storyboard in Resources */ = {isa = PBXBuildFile; fileRef = 38B1AE8620988F1800B12970 /* LandingScreen.storyboard */; };
		38C0C0462092CE4400D481AA /* CreateProfileScreenViewController.swift in Sources */ = {isa = PBXBuildFile; fileRef = 38C0C0362092CE4400D481AA /* CreateProfileScreenViewController.swift */; };
		38C0C0472092CE4400D481AA /* HelpViewController.swift in Sources */ = {isa = PBXBuildFile; fileRef = 38C0C0372092CE4400D481AA /* HelpViewController.swift */; };
		38C0C0482092CE4400D481AA /* ConfirmViewController.swift in Sources */ = {isa = PBXBuildFile; fileRef = 38C0C0382092CE4400D481AA /* ConfirmViewController.swift */; };
		38C0C0492092CE4400D481AA /* Onboarding.storyboard in Resources */ = {isa = PBXBuildFile; fileRef = 38C0C0392092CE4400D481AA /* Onboarding.storyboard */; };
		38C0C04A2092CE4400D481AA /* LoginScreenSliderViewPager.swift in Sources */ = {isa = PBXBuildFile; fileRef = 38C0C03C2092CE4400D481AA /* LoginScreenSliderViewPager.swift */; };
		38C0C04B2092CE4400D481AA /* LoginPageContentViewController.swift in Sources */ = {isa = PBXBuildFile; fileRef = 38C0C03D2092CE4400D481AA /* LoginPageContentViewController.swift */; };
		38C0C04C2092CE4400D481AA /* LoginViewController.swift in Sources */ = {isa = PBXBuildFile; fileRef = 38C0C03E2092CE4400D481AA /* LoginViewController.swift */; };
		38C0C04D2092CE4400D481AA /* CreateProfileViewController.swift in Sources */ = {isa = PBXBuildFile; fileRef = 38C0C03F2092CE4400D481AA /* CreateProfileViewController.swift */; };
		38C0C04E2092CE4400D481AA /* SecondPageViewController.swift in Sources */ = {isa = PBXBuildFile; fileRef = 38C0C0412092CE4400D481AA /* SecondPageViewController.swift */; };
		38C0C04F2092CE4400D481AA /* ThirdPageViewController.swift in Sources */ = {isa = PBXBuildFile; fileRef = 38C0C0422092CE4400D481AA /* ThirdPageViewController.swift */; };
		38C0C0502092CE4400D481AA /* FirstPageViewController.swift in Sources */ = {isa = PBXBuildFile; fileRef = 38C0C0432092CE4400D481AA /* FirstPageViewController.swift */; };
		38C0C0512092CE4400D481AA /* FourthPageViewController.swift in Sources */ = {isa = PBXBuildFile; fileRef = 38C0C0442092CE4400D481AA /* FourthPageViewController.swift */; };
		38F39D77209F391300AD3A38 /* RolodexL2ViewController.swift in Sources */ = {isa = PBXBuildFile; fileRef = 38F39D76209F391300AD3A38 /* RolodexL2ViewController.swift */; };
		38F39D7A209F4E2A00AD3A38 /* RolodexPageViewController.swift in Sources */ = {isa = PBXBuildFile; fileRef = 38F39D79209F4E2A00AD3A38 /* RolodexPageViewController.swift */; };
		38F39D7C209F5E3800AD3A38 /* RolodexInforFirstPageViewController.swift in Sources */ = {isa = PBXBuildFile; fileRef = 38F39D7B209F5E3800AD3A38 /* RolodexInforFirstPageViewController.swift */; };
		38F39D7E209F5E4800AD3A38 /* ContactContainerViewController.swift in Sources */ = {isa = PBXBuildFile; fileRef = 38F39D7D209F5E4800AD3A38 /* ContactContainerViewController.swift */; };
		38F39D80209F5E5700AD3A38 /* VideViewController.swift in Sources */ = {isa = PBXBuildFile; fileRef = 38F39D7F209F5E5700AD3A38 /* VideViewController.swift */; };
		38FC1F2320A2ADCA00F9E53B /* SocialMediaView.swift in Sources */ = {isa = PBXBuildFile; fileRef = 38FC1F2220A2ADCA00F9E53B /* SocialMediaView.swift */; };
		38FC1F2520A2BAB800F9E53B /* SocialMediaView.xib in Resources */ = {isa = PBXBuildFile; fileRef = 38FC1F2420A2ADEC00F9E53B /* SocialMediaView.xib */; };
		38FC1F2B20A3289C00F9E53B /* PageViewController.swift in Sources */ = {isa = PBXBuildFile; fileRef = 38FC1F2A20A3289B00F9E53B /* PageViewController.swift */; };
		4B4CA53F50215963634872EB /* Pods_WizcardTests.framework in Frameworks */ = {isa = PBXBuildFile; fileRef = B17C724259544A4B67628366 /* Pods_WizcardTests.framework */; };
		62D0F7CADCF8AE723055042E /* Pods_WizcardUITests.framework in Frameworks */ = {isa = PBXBuildFile; fileRef = FC94F2C3AB4E6C8ACB349AF7 /* Pods_WizcardUITests.framework */; };
		D36F1F029356A99EC0689487 /* Pods_Wizcard.framework in Frameworks */ = {isa = PBXBuildFile; fileRef = 67A7C73AB2C9FAD4B917BBC3 /* Pods_Wizcard.framework */; };
/* End PBXBuildFile section */

/* Begin PBXContainerItemProxy section */
		38AF66FF2035261B00DF0440 /* PBXContainerItemProxy */ = {
			isa = PBXContainerItemProxy;
			containerPortal = 38AF66DF2035261B00DF0440 /* Project object */;
			proxyType = 1;
			remoteGlobalIDString = 38AF66E62035261B00DF0440;
			remoteInfo = Wizcard;
		};
		38AF670A2035261B00DF0440 /* PBXContainerItemProxy */ = {
			isa = PBXContainerItemProxy;
			containerPortal = 38AF66DF2035261B00DF0440 /* Project object */;
			proxyType = 1;
			remoteGlobalIDString = 38AF66E62035261B00DF0440;
			remoteInfo = Wizcard;
		};
/* End PBXContainerItemProxy section */

/* Begin PBXFileReference section */
		380A5DFD203D0AB40099B9A3 /* RoundableButton.swift */ = {isa = PBXFileReference; fileEncoding = 4; lastKnownFileType = sourcecode.swift; path = RoundableButton.swift; sourceTree = "<group>"; };
		380DA89D2035C97E00C00B59 /* Assets.xcassets */ = {isa = PBXFileReference; lastKnownFileType = folder.assetcatalog; path = Assets.xcassets; sourceTree = "<group>"; };
		38178E47207B2AAB00DA03E0 /* Wizcard.entitlements */ = {isa = PBXFileReference; lastKnownFileType = text.plist.entitlements; path = Wizcard.entitlements; sourceTree = "<group>"; };
		38178E50207B466500DA03E0 /* WizcardManager.swift */ = {isa = PBXFileReference; lastKnownFileType = sourcecode.swift; path = WizcardManager.swift; sourceTree = "<group>"; };
		381EB713207467C7005597A2 /* WizcardCore.xcdatamodel */ = {isa = PBXFileReference; lastKnownFileType = wrapper.xcdatamodel; path = WizcardCore.xcdatamodel; sourceTree = "<group>"; };
		38229AB8207E5F5400E476FC /* BaseManager.swift */ = {isa = PBXFileReference; lastKnownFileType = sourcecode.swift; path = BaseManager.swift; sourceTree = "<group>"; };
		38271A4820A021200045BBE7 /* CornerRadiousAndShadowView.swift */ = {isa = PBXFileReference; lastKnownFileType = sourcecode.swift; path = CornerRadiousAndShadowView.swift; sourceTree = "<group>"; };
		38271A4A20A03ADA0045BBE7 /* BaseViewController.swift */ = {isa = PBXFileReference; lastKnownFileType = sourcecode.swift; path = BaseViewController.swift; sourceTree = "<group>"; };
		3828F37C2067C0D6008C99AD /* JustHUD.swift */ = {isa = PBXFileReference; fileEncoding = 4; lastKnownFileType = sourcecode.swift; path = JustHUD.swift; sourceTree = "<group>"; };
		3828F37E2067C180008C99AD /* GSMessage.swift */ = {isa = PBXFileReference; fileEncoding = 4; lastKnownFileType = sourcecode.swift; path = GSMessage.swift; sourceTree = "<group>"; };
		3828F3802067CAD4008C99AD /* AJTextField.swift */ = {isa = PBXFileReference; fileEncoding = 4; lastKnownFileType = sourcecode.swift; path = AJTextField.swift; sourceTree = "<group>"; };
		38294E83208041BB00188FA9 /* ExtFieldManager.swift */ = {isa = PBXFileReference; lastKnownFileType = sourcecode.swift; path = ExtFieldManager.swift; sourceTree = "<group>"; };
		382BF6B22083241600BB0219 /* EventManager.swift */ = {isa = PBXFileReference; lastKnownFileType = sourcecode.swift; path = EventManager.swift; sourceTree = "<group>"; };
		3833F94A2092B06D00ED740A /* CommonFunction.swift */ = {isa = PBXFileReference; lastKnownFileType = sourcecode.swift; path = CommonFunction.swift; sourceTree = "<group>"; };
		3841E73220676E9B00DB6F1A /* BaseServices.swift */ = {isa = PBXFileReference; fileEncoding = 4; lastKnownFileType = sourcecode.swift; path = BaseServices.swift; sourceTree = "<group>"; };
		384A4ABC20789C3F006ABBBA /* LocationManager.swift */ = {isa = PBXFileReference; fileEncoding = 4; lastKnownFileType = sourcecode.swift; path = LocationManager.swift; sourceTree = "<group>"; };
		3855C3FF20A7FDEA00BE7FFF /* LandingScreenCell.swift */ = {isa = PBXFileReference; lastKnownFileType = sourcecode.swift; path = LandingScreenCell.swift; sourceTree = "<group>"; };
		386D6443208EE85D00FF2EF2 /* SocialMediaManager.swift */ = {isa = PBXFileReference; lastKnownFileType = sourcecode.swift; path = SocialMediaManager.swift; sourceTree = "<group>"; };
		386D6445208F0E0000FF2EF2 /* RoundableUIImageView.swift */ = {isa = PBXFileReference; fileEncoding = 4; lastKnownFileType = sourcecode.swift; path = RoundableUIImageView.swift; sourceTree = "<group>"; };
		386D6448208F158500FF2EF2 /* KACircleCropScrollView.swift */ = {isa = PBXFileReference; fileEncoding = 4; lastKnownFileType = sourcecode.swift; path = KACircleCropScrollView.swift; sourceTree = "<group>"; };
		386D6449208F158500FF2EF2 /* KACircleCropViewController.swift */ = {isa = PBXFileReference; fileEncoding = 4; lastKnownFileType = sourcecode.swift; path = KACircleCropViewController.swift; sourceTree = "<group>"; };
		386D644A208F158500FF2EF2 /* KACircleCropCutterView.swift */ = {isa = PBXFileReference; fileEncoding = 4; lastKnownFileType = sourcecode.swift; path = KACircleCropCutterView.swift; sourceTree = "<group>"; };
		387108F1209EB3390067A924 /* LeftMenuViewController.swift */ = {isa = PBXFileReference; lastKnownFileType = sourcecode.swift; path = LeftMenuViewController.swift; sourceTree = "<group>"; };
		387108F5209EDBA00067A924 /* Roboto-Medium.ttf */ = {isa = PBXFileReference; lastKnownFileType = file; path = "Roboto-Medium.ttf"; sourceTree = "<group>"; };
		387108F6209EDBA00067A924 /* Roboto-Light.ttf */ = {isa = PBXFileReference; lastKnownFileType = file; path = "Roboto-Light.ttf"; sourceTree = "<group>"; };
		387108F7209EDBA00067A924 /* Roboto-Regular.ttf */ = {isa = PBXFileReference; lastKnownFileType = file; path = "Roboto-Regular.ttf"; sourceTree = "<group>"; };
		387108F8209EDBA00067A924 /* Roboto-MediumItalic.ttf */ = {isa = PBXFileReference; lastKnownFileType = file; path = "Roboto-MediumItalic.ttf"; sourceTree = "<group>"; };
		387108F9209EDBA00067A924 /* Roboto-ThinItalic.ttf */ = {isa = PBXFileReference; lastKnownFileType = file; path = "Roboto-ThinItalic.ttf"; sourceTree = "<group>"; };
		387108FA209EDBA00067A924 /* Roboto-BoldItalic.ttf */ = {isa = PBXFileReference; lastKnownFileType = file; path = "Roboto-BoldItalic.ttf"; sourceTree = "<group>"; };
		387108FB209EDBA00067A924 /* Roboto-LightItalic.ttf */ = {isa = PBXFileReference; lastKnownFileType = file; path = "Roboto-LightItalic.ttf"; sourceTree = "<group>"; };
		387108FC209EDBA00067A924 /* Roboto-Italic.ttf */ = {isa = PBXFileReference; lastKnownFileType = file; path = "Roboto-Italic.ttf"; sourceTree = "<group>"; };
		387108FD209EDBA00067A924 /* LICENSE.txt */ = {isa = PBXFileReference; fileEncoding = 4; lastKnownFileType = text; path = LICENSE.txt; sourceTree = "<group>"; };
		387108FE209EDBA00067A924 /* Roboto-BlackItalic.ttf */ = {isa = PBXFileReference; lastKnownFileType = file; path = "Roboto-BlackItalic.ttf"; sourceTree = "<group>"; };
		387108FF209EDBA00067A924 /* Roboto-Bold.ttf */ = {isa = PBXFileReference; lastKnownFileType = file; path = "Roboto-Bold.ttf"; sourceTree = "<group>"; };
		38710900209EDBA00067A924 /* Roboto-Thin.ttf */ = {isa = PBXFileReference; lastKnownFileType = file; path = "Roboto-Thin.ttf"; sourceTree = "<group>"; };
		38710901209EDBA00067A924 /* Roboto-Black.ttf */ = {isa = PBXFileReference; lastKnownFileType = file; path = "Roboto-Black.ttf"; sourceTree = "<group>"; };
		3871090F209EE6C70067A924 /* MeViewController.swift */ = {isa = PBXFileReference; lastKnownFileType = sourcecode.swift; path = MeViewController.swift; sourceTree = "<group>"; };
		3873E6872090374C00486942 /* FCImageCaptureViewController.m */ = {isa = PBXFileReference; lastKnownFileType = sourcecode.c.objc; path = FCImageCaptureViewController.m; sourceTree = "<group>"; };
		3873E6892090383000486942 /* FCImageCaptureViewController.h */ = {isa = PBXFileReference; lastKnownFileType = sourcecode.c.h; path = FCImageCaptureViewController.h; sourceTree = "<group>"; };
		3873E68A2090412800486942 /* UIImage+Rotation.h */ = {isa = PBXFileReference; fileEncoding = 4; lastKnownFileType = sourcecode.c.h; path = "UIImage+Rotation.h"; sourceTree = "<group>"; };
		3873E68B2090412800486942 /* UIImage+Rotation.m */ = {isa = PBXFileReference; fileEncoding = 4; lastKnownFileType = sourcecode.c.objc; path = "UIImage+Rotation.m"; sourceTree = "<group>"; };
		3873E68D2090417500486942 /* UIImage+Sizing.h */ = {isa = PBXFileReference; fileEncoding = 4; lastKnownFileType = sourcecode.c.h; path = "UIImage+Sizing.h"; sourceTree = "<group>"; };
		3873E68E2090417500486942 /* UIImage+Sizing.m */ = {isa = PBXFileReference; fileEncoding = 4; lastKnownFileType = sourcecode.c.objc; path = "UIImage+Sizing.m"; sourceTree = "<group>"; };
		3873E690209042BF00486942 /* UIColor+FullContact.h */ = {isa = PBXFileReference; fileEncoding = 4; lastKnownFileType = sourcecode.c.h; path = "UIColor+FullContact.h"; sourceTree = "<group>"; };
		3873E691209042BF00486942 /* UIColor+FullContact.m */ = {isa = PBXFileReference; fileEncoding = 4; lastKnownFileType = sourcecode.c.objc; path = "UIColor+FullContact.m"; sourceTree = "<group>"; };
		3873E6972090966D00486942 /* BorderView.swift */ = {isa = PBXFileReference; lastKnownFileType = sourcecode.swift; path = BorderView.swift; sourceTree = "<group>"; };
		38755A52207FB4F900F86F21 /* MediaManager.swift */ = {isa = PBXFileReference; lastKnownFileType = sourcecode.swift; path = MediaManager.swift; sourceTree = "<group>"; };
		38755A60207FC2CA00F86F21 /* Wizcard+CoreDataClass.swift */ = {isa = PBXFileReference; fileEncoding = 4; lastKnownFileType = sourcecode.swift; path = "Wizcard+CoreDataClass.swift"; sourceTree = "<group>"; };
		38755A61207FC2CA00F86F21 /* Wizcard+CoreDataProperties.swift */ = {isa = PBXFileReference; fileEncoding = 4; lastKnownFileType = sourcecode.swift; path = "Wizcard+CoreDataProperties.swift"; sourceTree = "<group>"; };
		38755A62207FC2CA00F86F21 /* Media+CoreDataClass.swift */ = {isa = PBXFileReference; fileEncoding = 4; lastKnownFileType = sourcecode.swift; path = "Media+CoreDataClass.swift"; sourceTree = "<group>"; };
		38755A63207FC2CA00F86F21 /* Media+CoreDataProperties.swift */ = {isa = PBXFileReference; fileEncoding = 4; lastKnownFileType = sourcecode.swift; path = "Media+CoreDataProperties.swift"; sourceTree = "<group>"; };
		38755A64207FC2CA00F86F21 /* ContactContainer+CoreDataClass.swift */ = {isa = PBXFileReference; fileEncoding = 4; lastKnownFileType = sourcecode.swift; path = "ContactContainer+CoreDataClass.swift"; sourceTree = "<group>"; };
		38853AF22084ED41003F2260 /* ObjectiveCHeader.h */ = {isa = PBXFileReference; fileEncoding = 4; lastKnownFileType = sourcecode.c.h; path = ObjectiveCHeader.h; sourceTree = "<group>"; };
		3893594820A5D790006A9890 /* ExtFields+CoreDataClass.swift */ = {isa = PBXFileReference; fileEncoding = 4; lastKnownFileType = sourcecode.swift; path = "ExtFields+CoreDataClass.swift"; sourceTree = "<group>"; };
		3893594920A5D791006A9890 /* Event+CoreDataClass.swift */ = {isa = PBXFileReference; fileEncoding = 4; lastKnownFileType = sourcecode.swift; path = "Event+CoreDataClass.swift"; sourceTree = "<group>"; };
		3893594A20A5D791006A9890 /* Event+CoreDataProperties.swift */ = {isa = PBXFileReference; fileEncoding = 4; lastKnownFileType = sourcecode.swift; path = "Event+CoreDataProperties.swift"; sourceTree = "<group>"; };
		3893594B20A5D791006A9890 /* ContactContainer+CoreDataProperties.swift */ = {isa = PBXFileReference; fileEncoding = 4; lastKnownFileType = sourcecode.swift; path = "ContactContainer+CoreDataProperties.swift"; sourceTree = "<group>"; };
		3893594C20A5D791006A9890 /* ExtFields+CoreDataProperties.swift */ = {isa = PBXFileReference; fileEncoding = 4; lastKnownFileType = sourcecode.swift; path = "ExtFields+CoreDataProperties.swift"; sourceTree = "<group>"; };
		3893595220A5E53B006A9890 /* VideoView.swift */ = {isa = PBXFileReference; lastKnownFileType = sourcecode.swift; path = VideoView.swift; sourceTree = "<group>"; };
		3893595420A5E54A006A9890 /* VideoView.xib */ = {isa = PBXFileReference; lastKnownFileType = file.xib; path = VideoView.xib; sourceTree = "<group>"; };
		38AF66E72035261B00DF0440 /* Wizcard.app */ = {isa = PBXFileReference; explicitFileType = wrapper.application; includeInIndex = 0; path = Wizcard.app; sourceTree = BUILT_PRODUCTS_DIR; };
		38AF66EA2035261B00DF0440 /* AppDelegate.swift */ = {isa = PBXFileReference; lastKnownFileType = sourcecode.swift; path = AppDelegate.swift; sourceTree = "<group>"; };
		38AF66EC2035261B00DF0440 /* ViewController.swift */ = {isa = PBXFileReference; lastKnownFileType = sourcecode.swift; path = ViewController.swift; sourceTree = "<group>"; };
		38AF66EF2035261B00DF0440 /* Base */ = {isa = PBXFileReference; lastKnownFileType = file.storyboard; name = Base; path = Base.lproj/Main.storyboard; sourceTree = "<group>"; };
		38AF66F72035261B00DF0440 /* Base */ = {isa = PBXFileReference; lastKnownFileType = file.storyboard; name = Base; path = Base.lproj/LaunchScreen.storyboard; sourceTree = "<group>"; };
		38AF66F92035261B00DF0440 /* Info.plist */ = {isa = PBXFileReference; lastKnownFileType = text.plist.xml; path = Info.plist; sourceTree = "<group>"; };
		38AF66FE2035261B00DF0440 /* WizcardTests.xctest */ = {isa = PBXFileReference; explicitFileType = wrapper.cfbundle; includeInIndex = 0; path = WizcardTests.xctest; sourceTree = BUILT_PRODUCTS_DIR; };
		38AF67022035261B00DF0440 /* WizcardTests.swift */ = {isa = PBXFileReference; lastKnownFileType = sourcecode.swift; path = WizcardTests.swift; sourceTree = "<group>"; };
		38AF67042035261B00DF0440 /* Info.plist */ = {isa = PBXFileReference; lastKnownFileType = text.plist.xml; path = Info.plist; sourceTree = "<group>"; };
		38AF67092035261B00DF0440 /* WizcardUITests.xctest */ = {isa = PBXFileReference; explicitFileType = wrapper.cfbundle; includeInIndex = 0; path = WizcardUITests.xctest; sourceTree = BUILT_PRODUCTS_DIR; };
		38AF670D2035261B00DF0440 /* WizcardUITests.swift */ = {isa = PBXFileReference; lastKnownFileType = sourcecode.swift; path = WizcardUITests.swift; sourceTree = "<group>"; };
		38AF670F2035261B00DF0440 /* Info.plist */ = {isa = PBXFileReference; lastKnownFileType = text.plist.xml; path = Info.plist; sourceTree = "<group>"; };
		38AF671F203528D000DF0440 /* Crashlytics.framework */ = {isa = PBXFileReference; lastKnownFileType = wrapper.framework; path = Crashlytics.framework; sourceTree = SOURCE_ROOT; };
		38AF6720203528D000DF0440 /* Fabric.framework */ = {isa = PBXFileReference; lastKnownFileType = wrapper.framework; path = Fabric.framework; sourceTree = SOURCE_ROOT; };
		38AF67242035304F00DF0440 /* Constants.swift */ = {isa = PBXFileReference; fileEncoding = 4; lastKnownFileType = sourcecode.swift; path = Constants.swift; sourceTree = "<group>"; };
		38AF67272035304F00DF0440 /* Date.swift */ = {isa = PBXFileReference; fileEncoding = 4; lastKnownFileType = sourcecode.swift; path = Date.swift; sourceTree = "<group>"; };
		38AF67282035304F00DF0440 /* UIColor.swift */ = {isa = PBXFileReference; fileEncoding = 4; lastKnownFileType = sourcecode.swift; path = UIColor.swift; sourceTree = "<group>"; };
		38AF67292035304F00DF0440 /* Notification.swift */ = {isa = PBXFileReference; fileEncoding = 4; lastKnownFileType = sourcecode.swift; path = Notification.swift; sourceTree = "<group>"; };
		38AF672A2035304F00DF0440 /* String.swift */ = {isa = PBXFileReference; fileEncoding = 4; lastKnownFileType = sourcecode.swift; path = String.swift; sourceTree = "<group>"; };
		38AF672B2035304F00DF0440 /* UIImage.swift */ = {isa = PBXFileReference; fileEncoding = 4; lastKnownFileType = sourcecode.swift; path = UIImage.swift; sourceTree = "<group>"; };
		38AF672C2035304F00DF0440 /* UIViewController.swift */ = {isa = PBXFileReference; fileEncoding = 4; lastKnownFileType = sourcecode.swift; path = UIViewController.swift; sourceTree = "<group>"; };
		38AF672E2035304F00DF0440 /* DateModel.swift */ = {isa = PBXFileReference; fileEncoding = 4; lastKnownFileType = sourcecode.swift; path = DateModel.swift; sourceTree = "<group>"; };
		38AF67522035304F00DF0440 /* HelperFunction.swift */ = {isa = PBXFileReference; fileEncoding = 4; lastKnownFileType = sourcecode.swift; path = HelperFunction.swift; sourceTree = "<group>"; };
		38B1AE8220988E9A00B12970 /* LandingScreenViewController.swift */ = {isa = PBXFileReference; lastKnownFileType = sourcecode.swift; path = LandingScreenViewController.swift; sourceTree = "<group>"; };
		38B1AE8620988F1800B12970 /* LandingScreen.storyboard */ = {isa = PBXFileReference; lastKnownFileType = file.storyboard; path = LandingScreen.storyboard; sourceTree = "<group>"; };
		38C0C0362092CE4400D481AA /* CreateProfileScreenViewController.swift */ = {isa = PBXFileReference; fileEncoding = 4; lastKnownFileType = sourcecode.swift; path = CreateProfileScreenViewController.swift; sourceTree = "<group>"; };
		38C0C0372092CE4400D481AA /* HelpViewController.swift */ = {isa = PBXFileReference; fileEncoding = 4; lastKnownFileType = sourcecode.swift; path = HelpViewController.swift; sourceTree = "<group>"; };
		38C0C0382092CE4400D481AA /* ConfirmViewController.swift */ = {isa = PBXFileReference; fileEncoding = 4; lastKnownFileType = sourcecode.swift; path = ConfirmViewController.swift; sourceTree = "<group>"; };
		38C0C03A2092CE4400D481AA /* Base */ = {isa = PBXFileReference; lastKnownFileType = file.storyboard; name = Base; path = Base.lproj/Onboarding.storyboard; sourceTree = "<group>"; };
		38C0C03C2092CE4400D481AA /* LoginScreenSliderViewPager.swift */ = {isa = PBXFileReference; fileEncoding = 4; lastKnownFileType = sourcecode.swift; path = LoginScreenSliderViewPager.swift; sourceTree = "<group>"; };
		38C0C03D2092CE4400D481AA /* LoginPageContentViewController.swift */ = {isa = PBXFileReference; fileEncoding = 4; lastKnownFileType = sourcecode.swift; path = LoginPageContentViewController.swift; sourceTree = "<group>"; };
		38C0C03E2092CE4400D481AA /* LoginViewController.swift */ = {isa = PBXFileReference; fileEncoding = 4; lastKnownFileType = sourcecode.swift; path = LoginViewController.swift; sourceTree = "<group>"; };
		38C0C03F2092CE4400D481AA /* CreateProfileViewController.swift */ = {isa = PBXFileReference; fileEncoding = 4; lastKnownFileType = sourcecode.swift; path = CreateProfileViewController.swift; sourceTree = "<group>"; };
		38C0C0412092CE4400D481AA /* SecondPageViewController.swift */ = {isa = PBXFileReference; fileEncoding = 4; lastKnownFileType = sourcecode.swift; path = SecondPageViewController.swift; sourceTree = "<group>"; };
		38C0C0422092CE4400D481AA /* ThirdPageViewController.swift */ = {isa = PBXFileReference; fileEncoding = 4; lastKnownFileType = sourcecode.swift; path = ThirdPageViewController.swift; sourceTree = "<group>"; };
		38C0C0432092CE4400D481AA /* FirstPageViewController.swift */ = {isa = PBXFileReference; fileEncoding = 4; lastKnownFileType = sourcecode.swift; path = FirstPageViewController.swift; sourceTree = "<group>"; };
		38C0C0442092CE4400D481AA /* FourthPageViewController.swift */ = {isa = PBXFileReference; fileEncoding = 4; lastKnownFileType = sourcecode.swift; path = FourthPageViewController.swift; sourceTree = "<group>"; };
		38F39D76209F391300AD3A38 /* RolodexL2ViewController.swift */ = {isa = PBXFileReference; lastKnownFileType = sourcecode.swift; path = RolodexL2ViewController.swift; sourceTree = "<group>"; };
		38F39D79209F4E2A00AD3A38 /* RolodexPageViewController.swift */ = {isa = PBXFileReference; lastKnownFileType = sourcecode.swift; path = RolodexPageViewController.swift; sourceTree = "<group>"; };
		38F39D7B209F5E3800AD3A38 /* RolodexInforFirstPageViewController.swift */ = {isa = PBXFileReference; lastKnownFileType = sourcecode.swift; path = RolodexInforFirstPageViewController.swift; sourceTree = "<group>"; };
		38F39D7D209F5E4800AD3A38 /* ContactContainerViewController.swift */ = {isa = PBXFileReference; lastKnownFileType = sourcecode.swift; path = ContactContainerViewController.swift; sourceTree = "<group>"; };
		38F39D7F209F5E5700AD3A38 /* VideViewController.swift */ = {isa = PBXFileReference; lastKnownFileType = sourcecode.swift; path = VideViewController.swift; sourceTree = "<group>"; };
		38FC1F2220A2ADCA00F9E53B /* SocialMediaView.swift */ = {isa = PBXFileReference; lastKnownFileType = sourcecode.swift; path = SocialMediaView.swift; sourceTree = "<group>"; };
		38FC1F2420A2ADEC00F9E53B /* SocialMediaView.xib */ = {isa = PBXFileReference; lastKnownFileType = file.xib; name = SocialMediaView.xib; path = /A/MyWorkSpace/iOS/WizcardSwiftGit/Wizcard/Wizcard/Controllers/LandingScreen/Views/SocialMediaView.xib; sourceTree = "<absolute>"; };
		38FC1F2A20A3289B00F9E53B /* PageViewController.swift */ = {isa = PBXFileReference; fileEncoding = 4; lastKnownFileType = sourcecode.swift; path = PageViewController.swift; sourceTree = "<group>"; };
		647E1D45160EBD7E08AE1755 /* Pods-Wizcard.release.xcconfig */ = {isa = PBXFileReference; includeInIndex = 1; lastKnownFileType = text.xcconfig; name = "Pods-Wizcard.release.xcconfig"; path = "Pods/Target Support Files/Pods-Wizcard/Pods-Wizcard.release.xcconfig"; sourceTree = "<group>"; };
		67A7C73AB2C9FAD4B917BBC3 /* Pods_Wizcard.framework */ = {isa = PBXFileReference; explicitFileType = wrapper.framework; includeInIndex = 0; path = Pods_Wizcard.framework; sourceTree = BUILT_PRODUCTS_DIR; };
		81FC8008D922B2C8ADF4C67E /* Pods-WizcardUITests.release.xcconfig */ = {isa = PBXFileReference; includeInIndex = 1; lastKnownFileType = text.xcconfig; name = "Pods-WizcardUITests.release.xcconfig"; path = "Pods/Target Support Files/Pods-WizcardUITests/Pods-WizcardUITests.release.xcconfig"; sourceTree = "<group>"; };
		9BDC2FDBA35723E2D3C9BAC9 /* Pods-WizcardUITests.debug.xcconfig */ = {isa = PBXFileReference; includeInIndex = 1; lastKnownFileType = text.xcconfig; name = "Pods-WizcardUITests.debug.xcconfig"; path = "Pods/Target Support Files/Pods-WizcardUITests/Pods-WizcardUITests.debug.xcconfig"; sourceTree = "<group>"; };
		B17C724259544A4B67628366 /* Pods_WizcardTests.framework */ = {isa = PBXFileReference; explicitFileType = wrapper.framework; includeInIndex = 0; path = Pods_WizcardTests.framework; sourceTree = BUILT_PRODUCTS_DIR; };
		D8D786D588CE226B2B638FC2 /* Pods-WizcardTests.debug.xcconfig */ = {isa = PBXFileReference; includeInIndex = 1; lastKnownFileType = text.xcconfig; name = "Pods-WizcardTests.debug.xcconfig"; path = "Pods/Target Support Files/Pods-WizcardTests/Pods-WizcardTests.debug.xcconfig"; sourceTree = "<group>"; };
		DF251766D7D13FB34C234A2F /* Pods-Wizcard.debug.xcconfig */ = {isa = PBXFileReference; includeInIndex = 1; lastKnownFileType = text.xcconfig; name = "Pods-Wizcard.debug.xcconfig"; path = "Pods/Target Support Files/Pods-Wizcard/Pods-Wizcard.debug.xcconfig"; sourceTree = "<group>"; };
		FC94F2C3AB4E6C8ACB349AF7 /* Pods_WizcardUITests.framework */ = {isa = PBXFileReference; explicitFileType = wrapper.framework; includeInIndex = 0; path = Pods_WizcardUITests.framework; sourceTree = BUILT_PRODUCTS_DIR; };
		FEEA8B0F4419350F413F15A0 /* Pods-WizcardTests.release.xcconfig */ = {isa = PBXFileReference; includeInIndex = 1; lastKnownFileType = text.xcconfig; name = "Pods-WizcardTests.release.xcconfig"; path = "Pods/Target Support Files/Pods-WizcardTests/Pods-WizcardTests.release.xcconfig"; sourceTree = "<group>"; };
/* End PBXFileReference section */

/* Begin PBXFrameworksBuildPhase section */
		38AF66E42035261B00DF0440 /* Frameworks */ = {
			isa = PBXFrameworksBuildPhase;
			buildActionMask = 2147483647;
			files = (
				38AF6721203528D000DF0440 /* Crashlytics.framework in Frameworks */,
				38AF6722203528D100DF0440 /* Fabric.framework in Frameworks */,
				D36F1F029356A99EC0689487 /* Pods_Wizcard.framework in Frameworks */,
			);
			runOnlyForDeploymentPostprocessing = 0;
		};
		38AF66FB2035261B00DF0440 /* Frameworks */ = {
			isa = PBXFrameworksBuildPhase;
			buildActionMask = 2147483647;
			files = (
				4B4CA53F50215963634872EB /* Pods_WizcardTests.framework in Frameworks */,
			);
			runOnlyForDeploymentPostprocessing = 0;
		};
		38AF67062035261B00DF0440 /* Frameworks */ = {
			isa = PBXFrameworksBuildPhase;
			buildActionMask = 2147483647;
			files = (
				62D0F7CADCF8AE723055042E /* Pods_WizcardUITests.framework in Frameworks */,
			);
			runOnlyForDeploymentPostprocessing = 0;
		};
/* End PBXFrameworksBuildPhase section */

/* Begin PBXGroup section */
		380A5DFC203D0AB40099B9A3 /* customview */ = {
			isa = PBXGroup;
			children = (
				386D6445208F0E0000FF2EF2 /* RoundableUIImageView.swift */,
				3873E6972090966D00486942 /* BorderView.swift */,
				3828F3802067CAD4008C99AD /* AJTextField.swift */,
				3828F37E2067C180008C99AD /* GSMessage.swift */,
				3828F37C2067C0D6008C99AD /* JustHUD.swift */,
				380A5DFD203D0AB40099B9A3 /* RoundableButton.swift */,
				38271A4820A021200045BBE7 /* CornerRadiousAndShadowView.swift */,
			);
			path = customview;
			sourceTree = "<group>";
		};
		38178E48207B2FCE00DA03E0 /* models */ = {
			isa = PBXGroup;
			children = (
				3893594B20A5D791006A9890 /* ContactContainer+CoreDataProperties.swift */,
				3893594920A5D791006A9890 /* Event+CoreDataClass.swift */,
				3893594A20A5D791006A9890 /* Event+CoreDataProperties.swift */,
				3893594820A5D790006A9890 /* ExtFields+CoreDataClass.swift */,
				3893594C20A5D791006A9890 /* ExtFields+CoreDataProperties.swift */,
				38755A62207FC2CA00F86F21 /* Media+CoreDataClass.swift */,
				38755A63207FC2CA00F86F21 /* Media+CoreDataProperties.swift */,
				38755A60207FC2CA00F86F21 /* Wizcard+CoreDataClass.swift */,
				38755A61207FC2CA00F86F21 /* Wizcard+CoreDataProperties.swift */,
				38755A64207FC2CA00F86F21 /* ContactContainer+CoreDataClass.swift */,
			);
			path = models;
			sourceTree = "<group>";
		};
		38178E4F207B463200DA03E0 /* CoreData */ = {
			isa = PBXGroup;
			children = (
				38178E48207B2FCE00DA03E0 /* models */,
				381EB712207467C7005597A2 /* WizcardCore.xcdatamodeld */,
				382BF6B1208323F900BB0219 /* EventManager */,
				382BF6B0208323F900BB0219 /* wizcardManager */,
			);
			path = CoreData;
			sourceTree = "<group>";
		};
		382BF6B0208323F900BB0219 /* wizcardManager */ = {
			isa = PBXGroup;
			children = (
				38178E50207B466500DA03E0 /* WizcardManager.swift */,
				38229AB8207E5F5400E476FC /* BaseManager.swift */,
				38755A52207FB4F900F86F21 /* MediaManager.swift */,
				38294E83208041BB00188FA9 /* ExtFieldManager.swift */,
			);
			path = wizcardManager;
			sourceTree = "<group>";
		};
		382BF6B1208323F900BB0219 /* EventManager */ = {
			isa = PBXGroup;
			children = (
				382BF6B22083241600BB0219 /* EventManager.swift */,
			);
			path = EventManager;
			sourceTree = "<group>";
		};
		3833F94C2092CE1000ED740A /* Controllers */ = {
			isa = PBXGroup;
			children = (
				38B1AE8120988E7200B12970 /* LandingScreen */,
				38C0C0352092CE4400D481AA /* OnBoarding */,
			);
			path = Controllers;
			sourceTree = "<group>";
		};
		3841E72D20676E9B00DB6F1A /* Data */ = {
			isa = PBXGroup;
			children = (
				3841E73220676E9B00DB6F1A /* BaseServices.swift */,
			);
			path = Data;
			sourceTree = "<group>";
		};
		3855C3FE20A7FD7D00BE7FFF /* Cells */ = {
			isa = PBXGroup;
			children = (
				3855C3FF20A7FDEA00BE7FFF /* LandingScreenCell.swift */,
			);
			path = Cells;
			sourceTree = "<group>";
		};
		386D6442208EE84300FF2EF2 /* SocialMediaManager */ = {
			isa = PBXGroup;
			children = (
				386D6443208EE85D00FF2EF2 /* SocialMediaManager.swift */,
			);
			path = SocialMediaManager;
			sourceTree = "<group>";
		};
		386D6447208F158500FF2EF2 /* CircleCropCutter */ = {
			isa = PBXGroup;
			children = (
				386D6448208F158500FF2EF2 /* KACircleCropScrollView.swift */,
				386D6449208F158500FF2EF2 /* KACircleCropViewController.swift */,
				386D644A208F158500FF2EF2 /* KACircleCropCutterView.swift */,
			);
			path = CircleCropCutter;
			sourceTree = "<group>";
		};
		387108F3209EDBA00067A924 /* Resources */ = {
			isa = PBXGroup;
			children = (
				387108F4209EDBA00067A924 /* Roboto */,
			);
			path = Resources;
			sourceTree = "<group>";
		};
		387108F4209EDBA00067A924 /* Roboto */ = {
			isa = PBXGroup;
			children = (
				387108F5209EDBA00067A924 /* Roboto-Medium.ttf */,
				387108F6209EDBA00067A924 /* Roboto-Light.ttf */,
				387108F7209EDBA00067A924 /* Roboto-Regular.ttf */,
				387108F8209EDBA00067A924 /* Roboto-MediumItalic.ttf */,
				387108F9209EDBA00067A924 /* Roboto-ThinItalic.ttf */,
				387108FA209EDBA00067A924 /* Roboto-BoldItalic.ttf */,
				387108FB209EDBA00067A924 /* Roboto-LightItalic.ttf */,
				387108FC209EDBA00067A924 /* Roboto-Italic.ttf */,
				387108FD209EDBA00067A924 /* LICENSE.txt */,
				387108FE209EDBA00067A924 /* Roboto-BlackItalic.ttf */,
				387108FF209EDBA00067A924 /* Roboto-Bold.ttf */,
				38710900209EDBA00067A924 /* Roboto-Thin.ttf */,
				38710901209EDBA00067A924 /* Roboto-Black.ttf */,
			);
			path = Roboto;
			sourceTree = "<group>";
		};
		3873E686209036A100486942 /* CommonControllers */ = {
			isa = PBXGroup;
			children = (
				3873E690209042BF00486942 /* UIColor+FullContact.h */,
				3873E691209042BF00486942 /* UIColor+FullContact.m */,
				3873E68D2090417500486942 /* UIImage+Sizing.h */,
				3873E68E2090417500486942 /* UIImage+Sizing.m */,
				3873E68A2090412800486942 /* UIImage+Rotation.h */,
				3873E68B2090412800486942 /* UIImage+Rotation.m */,
				3873E6892090383000486942 /* FCImageCaptureViewController.h */,
				3873E6872090374C00486942 /* FCImageCaptureViewController.m */,
			);
			path = CommonControllers;
			sourceTree = "<group>";
		};
		38AF66DE2035261B00DF0440 = {
			isa = PBXGroup;
			children = (
				38AF66E92035261B00DF0440 /* Wizcard */,
				38AF67012035261B00DF0440 /* WizcardTests */,
				38AF670C2035261B00DF0440 /* WizcardUITests */,
				38AF66E82035261B00DF0440 /* Products */,
				E43D6F1ABB294E67DC3F2CC3 /* Pods */,
				D8D8EE6DE55AE36F6FF6014B /* Frameworks */,
			);
			sourceTree = "<group>";
		};
		38AF66E82035261B00DF0440 /* Products */ = {
			isa = PBXGroup;
			children = (
				38AF66E72035261B00DF0440 /* Wizcard.app */,
				38AF66FE2035261B00DF0440 /* WizcardTests.xctest */,
				38AF67092035261B00DF0440 /* WizcardUITests.xctest */,
			);
			name = Products;
			sourceTree = "<group>";
		};
		38AF66E92035261B00DF0440 /* Wizcard */ = {
			isa = PBXGroup;
			children = (
				387108F3209EDBA00067A924 /* Resources */,
				3833F94C2092CE1000ED740A /* Controllers */,
				3873E686209036A100486942 /* CommonControllers */,
				386D6442208EE84300FF2EF2 /* SocialMediaManager */,
				38178E4F207B463200DA03E0 /* CoreData */,
				38178E47207B2AAB00DA03E0 /* Wizcard.entitlements */,
				3841E72D20676E9B00DB6F1A /* Data */,
				380DA89D2035C97E00C00B59 /* Assets.xcassets */,
				38AF67232035304F00DF0440 /* helper */,
				38AF66EA2035261B00DF0440 /* AppDelegate.swift */,
				38AF66EC2035261B00DF0440 /* ViewController.swift */,
				38853AF22084ED41003F2260 /* ObjectiveCHeader.h */,
				38AF66EE2035261B00DF0440 /* Main.storyboard */,
				38AF671F203528D000DF0440 /* Crashlytics.framework */,
				38AF6720203528D000DF0440 /* Fabric.framework */,
				38AF66F62035261B00DF0440 /* LaunchScreen.storyboard */,
				38AF66F92035261B00DF0440 /* Info.plist */,
			);
			path = Wizcard;
			sourceTree = "<group>";
		};
		38AF67012035261B00DF0440 /* WizcardTests */ = {
			isa = PBXGroup;
			children = (
				38AF67022035261B00DF0440 /* WizcardTests.swift */,
				38AF67042035261B00DF0440 /* Info.plist */,
			);
			path = WizcardTests;
			sourceTree = "<group>";
		};
		38AF670C2035261B00DF0440 /* WizcardUITests */ = {
			isa = PBXGroup;
			children = (
				38AF670D2035261B00DF0440 /* WizcardUITests.swift */,
				38AF670F2035261B00DF0440 /* Info.plist */,
			);
			path = WizcardUITests;
			sourceTree = "<group>";
		};
		38AF67232035304F00DF0440 /* helper */ = {
			isa = PBXGroup;
			children = (
				386D6447208F158500FF2EF2 /* CircleCropCutter */,
				384A4ABC20789C3F006ABBBA /* LocationManager.swift */,
				380A5DFC203D0AB40099B9A3 /* customview */,
				38AF67242035304F00DF0440 /* Constants.swift */,
				38AF67262035304F00DF0440 /* extension */,
				38AF672E2035304F00DF0440 /* DateModel.swift */,
				3833F94A2092B06D00ED740A /* CommonFunction.swift */,
				38AF67522035304F00DF0440 /* HelperFunction.swift */,
			);
			path = helper;
			sourceTree = "<group>";
		};
		38AF67262035304F00DF0440 /* extension */ = {
			isa = PBXGroup;
			children = (
				38AF67272035304F00DF0440 /* Date.swift */,
				38AF67282035304F00DF0440 /* UIColor.swift */,
				38AF67292035304F00DF0440 /* Notification.swift */,
				38AF672A2035304F00DF0440 /* String.swift */,
				38AF672B2035304F00DF0440 /* UIImage.swift */,
				38AF672C2035304F00DF0440 /* UIViewController.swift */,
			);
			path = extension;
			sourceTree = "<group>";
		};
		38B1AE8120988E7200B12970 /* LandingScreen */ = {
			isa = PBXGroup;
			children = (
				38FC1F2120A2AD9C00F9E53B /* Views */,
				38B1AE8520988EF800B12970 /* Storyboard */,
				38B1AE8420988EA600B12970 /* Controllers */,
			);
			path = LandingScreen;
			sourceTree = "<group>";
		};
		38B1AE8420988EA600B12970 /* Controllers */ = {
			isa = PBXGroup;
			children = (
				38F39D78209F4DB400AD3A38 /* RolodexPageControllers */,
				38B1AE8220988E9A00B12970 /* LandingScreenViewController.swift */,
				387108F1209EB3390067A924 /* LeftMenuViewController.swift */,
				3871090F209EE6C70067A924 /* MeViewController.swift */,
				38F39D76209F391300AD3A38 /* RolodexL2ViewController.swift */,
			);
			path = Controllers;
			sourceTree = "<group>";
		};
		38B1AE8520988EF800B12970 /* Storyboard */ = {
			isa = PBXGroup;
			children = (
				38B1AE8620988F1800B12970 /* LandingScreen.storyboard */,
			);
			path = Storyboard;
			sourceTree = "<group>";
		};
		38C0C0352092CE4400D481AA /* OnBoarding */ = {
			isa = PBXGroup;
			children = (
				38FC1F2A20A3289B00F9E53B /* PageViewController.swift */,
				38C0C0362092CE4400D481AA /* CreateProfileScreenViewController.swift */,
				38C0C0372092CE4400D481AA /* HelpViewController.swift */,
				38C0C0382092CE4400D481AA /* ConfirmViewController.swift */,
				38C0C0392092CE4400D481AA /* Onboarding.storyboard */,
				38C0C03B2092CE4400D481AA /* LoginPageSliderScreens */,
				38C0C03E2092CE4400D481AA /* LoginViewController.swift */,
				38C0C03F2092CE4400D481AA /* CreateProfileViewController.swift */,
				38C0C0402092CE4400D481AA /* HelpPages */,
			);
			path = OnBoarding;
			sourceTree = "<group>";
		};
		38C0C03B2092CE4400D481AA /* LoginPageSliderScreens */ = {
			isa = PBXGroup;
			children = (
				38C0C03C2092CE4400D481AA /* LoginScreenSliderViewPager.swift */,
				38C0C03D2092CE4400D481AA /* LoginPageContentViewController.swift */,
			);
			path = LoginPageSliderScreens;
			sourceTree = "<group>";
		};
		38C0C0402092CE4400D481AA /* HelpPages */ = {
			isa = PBXGroup;
			children = (
				38C0C0412092CE4400D481AA /* SecondPageViewController.swift */,
				38C0C0422092CE4400D481AA /* ThirdPageViewController.swift */,
				38C0C0432092CE4400D481AA /* FirstPageViewController.swift */,
				38C0C0442092CE4400D481AA /* FourthPageViewController.swift */,
			);
			path = HelpPages;
			sourceTree = "<group>";
		};
		38F39D78209F4DB400AD3A38 /* RolodexPageControllers */ = {
			isa = PBXGroup;
			children = (
				38F39D79209F4E2A00AD3A38 /* RolodexPageViewController.swift */,
				38F39D7B209F5E3800AD3A38 /* RolodexInforFirstPageViewController.swift */,
				38F39D7D209F5E4800AD3A38 /* ContactContainerViewController.swift */,
				38F39D7F209F5E5700AD3A38 /* VideViewController.swift */,
				38271A4A20A03ADA0045BBE7 /* BaseViewController.swift */,
			);
			path = RolodexPageControllers;
			sourceTree = "<group>";
		};
		38FC1F2120A2AD9C00F9E53B /* Views */ = {
			isa = PBXGroup;
			children = (
				3855C3FE20A7FD7D00BE7FFF /* Cells */,
				38FC1F2420A2ADEC00F9E53B /* SocialMediaView.xib */,
				38FC1F2220A2ADCA00F9E53B /* SocialMediaView.swift */,
				3893595220A5E53B006A9890 /* VideoView.swift */,
				3893595420A5E54A006A9890 /* VideoView.xib */,
			);
			path = Views;
			sourceTree = "<group>";
		};
		D8D8EE6DE55AE36F6FF6014B /* Frameworks */ = {
			isa = PBXGroup;
			children = (
				67A7C73AB2C9FAD4B917BBC3 /* Pods_Wizcard.framework */,
				B17C724259544A4B67628366 /* Pods_WizcardTests.framework */,
				FC94F2C3AB4E6C8ACB349AF7 /* Pods_WizcardUITests.framework */,
			);
			name = Frameworks;
			sourceTree = "<group>";
		};
		E43D6F1ABB294E67DC3F2CC3 /* Pods */ = {
			isa = PBXGroup;
			children = (
				DF251766D7D13FB34C234A2F /* Pods-Wizcard.debug.xcconfig */,
				647E1D45160EBD7E08AE1755 /* Pods-Wizcard.release.xcconfig */,
				D8D786D588CE226B2B638FC2 /* Pods-WizcardTests.debug.xcconfig */,
				FEEA8B0F4419350F413F15A0 /* Pods-WizcardTests.release.xcconfig */,
				9BDC2FDBA35723E2D3C9BAC9 /* Pods-WizcardUITests.debug.xcconfig */,
				81FC8008D922B2C8ADF4C67E /* Pods-WizcardUITests.release.xcconfig */,
			);
			name = Pods;
			sourceTree = "<group>";
		};
/* End PBXGroup section */

/* Begin PBXNativeTarget section */
		38AF66E62035261B00DF0440 /* Wizcard */ = {
			isa = PBXNativeTarget;
			buildConfigurationList = 38AF67122035261B00DF0440 /* Build configuration list for PBXNativeTarget "Wizcard" */;
			buildPhases = (
				3BE083C342859F7DCF55DE54 /* [CP] Check Pods Manifest.lock */,
				38AF66E32035261B00DF0440 /* Sources */,
				38AF66E42035261B00DF0440 /* Frameworks */,
				38AF66E52035261B00DF0440 /* Resources */,
				38AF671E203528AD00DF0440 /* ShellScript */,
				E4972B1AEC1F8DB1100552B2 /* [CP] Embed Pods Frameworks */,
				D1D3F0DE5EDE4DA8C07212E4 /* [CP] Copy Pods Resources */,
			);
			buildRules = (
			);
			dependencies = (
			);
			name = Wizcard;
			productName = Wizcard;
			productReference = 38AF66E72035261B00DF0440 /* Wizcard.app */;
			productType = "com.apple.product-type.application";
		};
		38AF66FD2035261B00DF0440 /* WizcardTests */ = {
			isa = PBXNativeTarget;
			buildConfigurationList = 38AF67152035261B00DF0440 /* Build configuration list for PBXNativeTarget "WizcardTests" */;
			buildPhases = (
				6D899D93FB7AB2DECFB7733B /* [CP] Check Pods Manifest.lock */,
				38AF66FA2035261B00DF0440 /* Sources */,
				38AF66FB2035261B00DF0440 /* Frameworks */,
				38AF66FC2035261B00DF0440 /* Resources */,
				F848E1ACE685138C21AF6AA1 /* [CP] Embed Pods Frameworks */,
				2F419F3B6DF345B19FE8F32D /* [CP] Copy Pods Resources */,
			);
			buildRules = (
			);
			dependencies = (
				38AF67002035261B00DF0440 /* PBXTargetDependency */,
			);
			name = WizcardTests;
			productName = WizcardTests;
			productReference = 38AF66FE2035261B00DF0440 /* WizcardTests.xctest */;
			productType = "com.apple.product-type.bundle.unit-test";
		};
		38AF67082035261B00DF0440 /* WizcardUITests */ = {
			isa = PBXNativeTarget;
			buildConfigurationList = 38AF67182035261B00DF0440 /* Build configuration list for PBXNativeTarget "WizcardUITests" */;
			buildPhases = (
				0BD955FC6E38111B83DEFFBC /* [CP] Check Pods Manifest.lock */,
				38AF67052035261B00DF0440 /* Sources */,
				38AF67062035261B00DF0440 /* Frameworks */,
				38AF67072035261B00DF0440 /* Resources */,
				A2A088F71CD2591455D5E332 /* [CP] Embed Pods Frameworks */,
				10E70C62E0107861985F286B /* [CP] Copy Pods Resources */,
			);
			buildRules = (
			);
			dependencies = (
				38AF670B2035261B00DF0440 /* PBXTargetDependency */,
			);
			name = WizcardUITests;
			productName = WizcardUITests;
			productReference = 38AF67092035261B00DF0440 /* WizcardUITests.xctest */;
			productType = "com.apple.product-type.bundle.ui-testing";
		};
/* End PBXNativeTarget section */

/* Begin PBXProject section */
		38AF66DF2035261B00DF0440 /* Project object */ = {
			isa = PBXProject;
			attributes = {
				LastSwiftUpdateCheck = 0920;
				LastUpgradeCheck = 0920;
				ORGANIZATIONNAME = "Akash Jindal";
				TargetAttributes = {
					38AF66E62035261B00DF0440 = {
						CreatedOnToolsVersion = 9.2;
						ProvisioningStyle = Manual;
						SystemCapabilities = {
							com.apple.Push = {
								enabled = 0;
							};
						};
					};
					38AF66FD2035261B00DF0440 = {
						CreatedOnToolsVersion = 9.2;
						ProvisioningStyle = Automatic;
						TestTargetID = 38AF66E62035261B00DF0440;
					};
					38AF67082035261B00DF0440 = {
						CreatedOnToolsVersion = 9.2;
						ProvisioningStyle = Automatic;
						TestTargetID = 38AF66E62035261B00DF0440;
					};
				};
			};
			buildConfigurationList = 38AF66E22035261B00DF0440 /* Build configuration list for PBXProject "Wizcard" */;
			compatibilityVersion = "Xcode 8.0";
			developmentRegion = en;
			hasScannedForEncodings = 0;
			knownRegions = (
				en,
				Base,
			);
			mainGroup = 38AF66DE2035261B00DF0440;
			productRefGroup = 38AF66E82035261B00DF0440 /* Products */;
			projectDirPath = "";
			projectRoot = "";
			targets = (
				38AF66E62035261B00DF0440 /* Wizcard */,
				38AF66FD2035261B00DF0440 /* WizcardTests */,
				38AF67082035261B00DF0440 /* WizcardUITests */,
			);
		};
/* End PBXProject section */

/* Begin PBXResourcesBuildPhase section */
		38AF66E52035261B00DF0440 /* Resources */ = {
			isa = PBXResourcesBuildPhase;
			buildActionMask = 2147483647;
			files = (
				38710906209EDBA20067A924 /* Roboto-ThinItalic.ttf in Resources */,
				38710907209EDBA20067A924 /* Roboto-BoldItalic.ttf in Resources */,
				3871090D209EDBA20067A924 /* Roboto-Thin.ttf in Resources */,
				38710908209EDBA20067A924 /* Roboto-LightItalic.ttf in Resources */,
				38AF66F82035261B00DF0440 /* LaunchScreen.storyboard in Resources */,
				38FC1F2520A2BAB800F9E53B /* SocialMediaView.xib in Resources */,
				3871090E209EDBA20067A924 /* Roboto-Black.ttf in Resources */,
				38C0C0492092CE4400D481AA /* Onboarding.storyboard in Resources */,
				3893595520A5E54A006A9890 /* VideoView.xib in Resources */,
				38710909209EDBA20067A924 /* Roboto-Italic.ttf in Resources */,
				3871090A209EDBA20067A924 /* LICENSE.txt in Resources */,
				3871090B209EDBA20067A924 /* Roboto-BlackItalic.ttf in Resources */,
				38710904209EDBA20067A924 /* Roboto-Regular.ttf in Resources */,
				38710902209EDBA20067A924 /* Roboto-Medium.ttf in Resources */,
				38B1AE8720988F1800B12970 /* LandingScreen.storyboard in Resources */,
				38710903209EDBA20067A924 /* Roboto-Light.ttf in Resources */,
				38AF66F02035261B00DF0440 /* Main.storyboard in Resources */,
				38710905209EDBA20067A924 /* Roboto-MediumItalic.ttf in Resources */,
				3871090C209EDBA20067A924 /* Roboto-Bold.ttf in Resources */,
				380DA89E2035C97E00C00B59 /* Assets.xcassets in Resources */,
			);
			runOnlyForDeploymentPostprocessing = 0;
		};
		38AF66FC2035261B00DF0440 /* Resources */ = {
			isa = PBXResourcesBuildPhase;
			buildActionMask = 2147483647;
			files = (
			);
			runOnlyForDeploymentPostprocessing = 0;
		};
		38AF67072035261B00DF0440 /* Resources */ = {
			isa = PBXResourcesBuildPhase;
			buildActionMask = 2147483647;
			files = (
			);
			runOnlyForDeploymentPostprocessing = 0;
		};
/* End PBXResourcesBuildPhase section */

/* Begin PBXShellScriptBuildPhase section */
		0BD955FC6E38111B83DEFFBC /* [CP] Check Pods Manifest.lock */ = {
			isa = PBXShellScriptBuildPhase;
			buildActionMask = 2147483647;
			files = (
			);
			inputPaths = (
				"${PODS_PODFILE_DIR_PATH}/Podfile.lock",
				"${PODS_ROOT}/Manifest.lock",
			);
			name = "[CP] Check Pods Manifest.lock";
			outputPaths = (
				"$(DERIVED_FILE_DIR)/Pods-WizcardUITests-checkManifestLockResult.txt",
			);
			runOnlyForDeploymentPostprocessing = 0;
			shellPath = /bin/sh;
			shellScript = "diff \"${PODS_PODFILE_DIR_PATH}/Podfile.lock\" \"${PODS_ROOT}/Manifest.lock\" > /dev/null\nif [ $? != 0 ] ; then\n    # print error to STDERR\n    echo \"error: The sandbox is not in sync with the Podfile.lock. Run 'pod install' or update your CocoaPods installation.\" >&2\n    exit 1\nfi\n# This output is used by Xcode 'outputs' to avoid re-running this script phase.\necho \"SUCCESS\" > \"${SCRIPT_OUTPUT_FILE_0}\"\n";
			showEnvVarsInLog = 0;
		};
		10E70C62E0107861985F286B /* [CP] Copy Pods Resources */ = {
			isa = PBXShellScriptBuildPhase;
			buildActionMask = 2147483647;
			files = (
			);
			inputPaths = (
			);
			name = "[CP] Copy Pods Resources";
			outputPaths = (
			);
			runOnlyForDeploymentPostprocessing = 0;
			shellPath = /bin/sh;
			shellScript = "\"${SRCROOT}/Pods/Target Support Files/Pods-WizcardUITests/Pods-WizcardUITests-resources.sh\"\n";
			showEnvVarsInLog = 0;
		};
		2F419F3B6DF345B19FE8F32D /* [CP] Copy Pods Resources */ = {
			isa = PBXShellScriptBuildPhase;
			buildActionMask = 2147483647;
			files = (
			);
			inputPaths = (
			);
			name = "[CP] Copy Pods Resources";
			outputPaths = (
			);
			runOnlyForDeploymentPostprocessing = 0;
			shellPath = /bin/sh;
			shellScript = "\"${SRCROOT}/Pods/Target Support Files/Pods-WizcardTests/Pods-WizcardTests-resources.sh\"\n";
			showEnvVarsInLog = 0;
		};
		38AF671E203528AD00DF0440 /* ShellScript */ = {
			isa = PBXShellScriptBuildPhase;
			buildActionMask = 2147483647;
			files = (
			);
			inputPaths = (
			);
			outputPaths = (
			);
			runOnlyForDeploymentPostprocessing = 0;
			shellPath = /bin/sh;
			shellScript = "./Fabric.framework/run 96044b2d22924af1fa80dc14a601904004ed6cae f8a1ac0d62a1300dec07fed2902f646f36894e229d514903245f27feb49b9b1d";
		};
		3BE083C342859F7DCF55DE54 /* [CP] Check Pods Manifest.lock */ = {
			isa = PBXShellScriptBuildPhase;
			buildActionMask = 2147483647;
			files = (
			);
			inputPaths = (
				"${PODS_PODFILE_DIR_PATH}/Podfile.lock",
				"${PODS_ROOT}/Manifest.lock",
			);
			name = "[CP] Check Pods Manifest.lock";
			outputPaths = (
				"$(DERIVED_FILE_DIR)/Pods-Wizcard-checkManifestLockResult.txt",
			);
			runOnlyForDeploymentPostprocessing = 0;
			shellPath = /bin/sh;
			shellScript = "diff \"${PODS_PODFILE_DIR_PATH}/Podfile.lock\" \"${PODS_ROOT}/Manifest.lock\" > /dev/null\nif [ $? != 0 ] ; then\n    # print error to STDERR\n    echo \"error: The sandbox is not in sync with the Podfile.lock. Run 'pod install' or update your CocoaPods installation.\" >&2\n    exit 1\nfi\n# This output is used by Xcode 'outputs' to avoid re-running this script phase.\necho \"SUCCESS\" > \"${SCRIPT_OUTPUT_FILE_0}\"\n";
			showEnvVarsInLog = 0;
		};
		6D899D93FB7AB2DECFB7733B /* [CP] Check Pods Manifest.lock */ = {
			isa = PBXShellScriptBuildPhase;
			buildActionMask = 2147483647;
			files = (
			);
			inputPaths = (
				"${PODS_PODFILE_DIR_PATH}/Podfile.lock",
				"${PODS_ROOT}/Manifest.lock",
			);
			name = "[CP] Check Pods Manifest.lock";
			outputPaths = (
				"$(DERIVED_FILE_DIR)/Pods-WizcardTests-checkManifestLockResult.txt",
			);
			runOnlyForDeploymentPostprocessing = 0;
			shellPath = /bin/sh;
			shellScript = "diff \"${PODS_PODFILE_DIR_PATH}/Podfile.lock\" \"${PODS_ROOT}/Manifest.lock\" > /dev/null\nif [ $? != 0 ] ; then\n    # print error to STDERR\n    echo \"error: The sandbox is not in sync with the Podfile.lock. Run 'pod install' or update your CocoaPods installation.\" >&2\n    exit 1\nfi\n# This output is used by Xcode 'outputs' to avoid re-running this script phase.\necho \"SUCCESS\" > \"${SCRIPT_OUTPUT_FILE_0}\"\n";
			showEnvVarsInLog = 0;
		};
		A2A088F71CD2591455D5E332 /* [CP] Embed Pods Frameworks */ = {
			isa = PBXShellScriptBuildPhase;
			buildActionMask = 2147483647;
			files = (
			);
			inputPaths = (
			);
			name = "[CP] Embed Pods Frameworks";
			outputPaths = (
			);
			runOnlyForDeploymentPostprocessing = 0;
			shellPath = /bin/sh;
			shellScript = "\"${SRCROOT}/Pods/Target Support Files/Pods-WizcardUITests/Pods-WizcardUITests-frameworks.sh\"\n";
			showEnvVarsInLog = 0;
		};
		D1D3F0DE5EDE4DA8C07212E4 /* [CP] Copy Pods Resources */ = {
			isa = PBXShellScriptBuildPhase;
			buildActionMask = 2147483647;
			files = (
			);
			inputPaths = (
				"${SRCROOT}/Pods/Target Support Files/Pods-Wizcard/Pods-Wizcard-resources.sh",
				"${PODS_ROOT}/TwitterKit/iOS/TwitterKit.framework/TwitterKitResources.bundle",
				"${PODS_ROOT}/TwitterKit/iOS/TwitterKit.framework/TwitterShareExtensionUIResources.bundle",
			);
			name = "[CP] Copy Pods Resources";
			outputPaths = (
				"${TARGET_BUILD_DIR}/${UNLOCALIZED_RESOURCES_FOLDER_PATH}",
			);
			runOnlyForDeploymentPostprocessing = 0;
			shellPath = /bin/sh;
			shellScript = "\"${SRCROOT}/Pods/Target Support Files/Pods-Wizcard/Pods-Wizcard-resources.sh\"\n";
			showEnvVarsInLog = 0;
		};
		E4972B1AEC1F8DB1100552B2 /* [CP] Embed Pods Frameworks */ = {
			isa = PBXShellScriptBuildPhase;
			buildActionMask = 2147483647;
			files = (
			);
			inputPaths = (
				"${SRCROOT}/Pods/Target Support Files/Pods-Wizcard/Pods-Wizcard-frameworks.sh",
				"${BUILT_PRODUCTS_DIR}/AFNetworking/AFNetworking.framework",
				"${BUILT_PRODUCTS_DIR}/AWSCore/AWSCore.framework",
				"${BUILT_PRODUCTS_DIR}/AWSS3/AWSS3.framework",
				"${BUILT_PRODUCTS_DIR}/Alamofire/Alamofire.framework",
				"${BUILT_PRODUCTS_DIR}/AlamofireImage/AlamofireImage.framework",
				"${BUILT_PRODUCTS_DIR}/Bolts/Bolts.framework",
				"${BUILT_PRODUCTS_DIR}/CountryPickerSwift/CountryPicker.framework",
				"${BUILT_PRODUCTS_DIR}/FBSDKCoreKit/FBSDKCoreKit.framework",
				"${BUILT_PRODUCTS_DIR}/FBSDKLoginKit/FBSDKLoginKit.framework",
				"${BUILT_PRODUCTS_DIR}/FacebookCore/FacebookCore.framework",
				"${BUILT_PRODUCTS_DIR}/IOSLinkedInAPIFix/IOSLinkedInAPIFix.framework",
				"${BUILT_PRODUCTS_DIR}/IQKeyboardManagerSwift/IQKeyboardManagerSwift.framework",
				"${BUILT_PRODUCTS_DIR}/LinkedinSwift/LinkedinSwift.framework",
				"${BUILT_PRODUCTS_DIR}/ReachabilitySwift/Reachability.framework",
				"${BUILT_PRODUCTS_DIR}/SideMenu/SideMenu.framework",
				"${BUILT_PRODUCTS_DIR}/SwiftyJSON/SwiftyJSON.framework",
				"${PODS_ROOT}/TwitterCore/iOS/TwitterCore.framework",
				"${PODS_ROOT}/TwitterKit/iOS/TwitterKit.framework",
				"${BUILT_PRODUCTS_DIR}/YouTubePlayer/YouTubePlayer.framework",
			);
			name = "[CP] Embed Pods Frameworks";
			outputPaths = (
				"${TARGET_BUILD_DIR}/${FRAMEWORKS_FOLDER_PATH}/AFNetworking.framework",
				"${TARGET_BUILD_DIR}/${FRAMEWORKS_FOLDER_PATH}/AWSCore.framework",
				"${TARGET_BUILD_DIR}/${FRAMEWORKS_FOLDER_PATH}/AWSS3.framework",
				"${TARGET_BUILD_DIR}/${FRAMEWORKS_FOLDER_PATH}/Alamofire.framework",
				"${TARGET_BUILD_DIR}/${FRAMEWORKS_FOLDER_PATH}/AlamofireImage.framework",
				"${TARGET_BUILD_DIR}/${FRAMEWORKS_FOLDER_PATH}/Bolts.framework",
				"${TARGET_BUILD_DIR}/${FRAMEWORKS_FOLDER_PATH}/CountryPicker.framework",
				"${TARGET_BUILD_DIR}/${FRAMEWORKS_FOLDER_PATH}/FBSDKCoreKit.framework",
				"${TARGET_BUILD_DIR}/${FRAMEWORKS_FOLDER_PATH}/FBSDKLoginKit.framework",
				"${TARGET_BUILD_DIR}/${FRAMEWORKS_FOLDER_PATH}/FacebookCore.framework",
				"${TARGET_BUILD_DIR}/${FRAMEWORKS_FOLDER_PATH}/IOSLinkedInAPIFix.framework",
				"${TARGET_BUILD_DIR}/${FRAMEWORKS_FOLDER_PATH}/IQKeyboardManagerSwift.framework",
				"${TARGET_BUILD_DIR}/${FRAMEWORKS_FOLDER_PATH}/LinkedinSwift.framework",
				"${TARGET_BUILD_DIR}/${FRAMEWORKS_FOLDER_PATH}/Reachability.framework",
				"${TARGET_BUILD_DIR}/${FRAMEWORKS_FOLDER_PATH}/SideMenu.framework",
				"${TARGET_BUILD_DIR}/${FRAMEWORKS_FOLDER_PATH}/SwiftyJSON.framework",
				"${TARGET_BUILD_DIR}/${FRAMEWORKS_FOLDER_PATH}/TwitterCore.framework",
				"${TARGET_BUILD_DIR}/${FRAMEWORKS_FOLDER_PATH}/TwitterKit.framework",
				"${TARGET_BUILD_DIR}/${FRAMEWORKS_FOLDER_PATH}/YouTubePlayer.framework",
			);
			runOnlyForDeploymentPostprocessing = 0;
			shellPath = /bin/sh;
			shellScript = "\"${SRCROOT}/Pods/Target Support Files/Pods-Wizcard/Pods-Wizcard-frameworks.sh\"\n";
			showEnvVarsInLog = 0;
		};
		F848E1ACE685138C21AF6AA1 /* [CP] Embed Pods Frameworks */ = {
			isa = PBXShellScriptBuildPhase;
			buildActionMask = 2147483647;
			files = (
			);
			inputPaths = (
			);
			name = "[CP] Embed Pods Frameworks";
			outputPaths = (
			);
			runOnlyForDeploymentPostprocessing = 0;
			shellPath = /bin/sh;
			shellScript = "\"${SRCROOT}/Pods/Target Support Files/Pods-WizcardTests/Pods-WizcardTests-frameworks.sh\"\n";
			showEnvVarsInLog = 0;
		};
/* End PBXShellScriptBuildPhase section */

/* Begin PBXSourcesBuildPhase section */
		38AF66E32035261B00DF0440 /* Sources */ = {
			isa = PBXSourcesBuildPhase;
			buildActionMask = 2147483647;
			files = (
				381EB714207467C7005597A2 /* WizcardCore.xcdatamodeld in Sources */,
				3873E68C2090412800486942 /* UIImage+Rotation.m in Sources */,
				3873E6882090374C00486942 /* FCImageCaptureViewController.m in Sources */,
				3873E692209042BF00486942 /* UIColor+FullContact.m in Sources */,
				38F39D7E209F5E4800AD3A38 /* ContactContainerViewController.swift in Sources */,
				38C0C04F2092CE4400D481AA /* ThirdPageViewController.swift in Sources */,
				38AF66ED2035261B00DF0440 /* ViewController.swift in Sources */,
				386D644B208F158500FF2EF2 /* KACircleCropScrollView.swift in Sources */,
				38AF677A2035304F00DF0440 /* HelperFunction.swift in Sources */,
				38AF67592035304F00DF0440 /* UIImage.swift in Sources */,
				3893594F20A5D792006A9890 /* Event+CoreDataProperties.swift in Sources */,
				38755A69207FC2CA00F86F21 /* Media+CoreDataProperties.swift in Sources */,
				38229AB9207E5F5400E476FC /* BaseManager.swift in Sources */,
				38AF675C2035304F00DF0440 /* DateModel.swift in Sources */,
				38B1AE8320988E9A00B12970 /* LandingScreenViewController.swift in Sources */,
				38FC1F2320A2ADCA00F9E53B /* SocialMediaView.swift in Sources */,
				386D6444208EE85D00FF2EF2 /* SocialMediaManager.swift in Sources */,
				38AF67562035304F00DF0440 /* UIColor.swift in Sources */,
				386D644C208F158500FF2EF2 /* KACircleCropViewController.swift in Sources */,
				387108F2209EB3390067A924 /* LeftMenuViewController.swift in Sources */,
				3893594E20A5D792006A9890 /* Event+CoreDataClass.swift in Sources */,
				38C0C04E2092CE4400D481AA /* SecondPageViewController.swift in Sources */,
				3893594D20A5D792006A9890 /* ExtFields+CoreDataClass.swift in Sources */,
				3828F37F2067C180008C99AD /* GSMessage.swift in Sources */,
				38271A4920A021200045BBE7 /* CornerRadiousAndShadowView.swift in Sources */,
				3828F37D2067C0D6008C99AD /* JustHUD.swift in Sources */,
				38C0C0462092CE4400D481AA /* CreateProfileScreenViewController.swift in Sources */,
				38294E84208041BB00188FA9 /* ExtFieldManager.swift in Sources */,
				38C0C0502092CE4400D481AA /* FirstPageViewController.swift in Sources */,
				38F39D7C209F5E3800AD3A38 /* RolodexInforFirstPageViewController.swift in Sources */,
				38C0C04A2092CE4400D481AA /* LoginScreenSliderViewPager.swift in Sources */,
				3833F94B2092B06D00ED740A /* CommonFunction.swift in Sources */,
				3893595020A5D792006A9890 /* ContactContainer+CoreDataProperties.swift in Sources */,
				38755A66207FC2CA00F86F21 /* Wizcard+CoreDataClass.swift in Sources */,
				38C0C0512092CE4400D481AA /* FourthPageViewController.swift in Sources */,
				38AF675A2035304F00DF0440 /* UIViewController.swift in Sources */,
				382BF6B32083241600BB0219 /* EventManager.swift in Sources */,
				3873E6982090966D00486942 /* BorderView.swift in Sources */,
				38271A4B20A03ADA0045BBE7 /* BaseViewController.swift in Sources */,
				38AF67552035304F00DF0440 /* Date.swift in Sources */,
				3841E73720676E9B00DB6F1A /* BaseServices.swift in Sources */,
				3873E68F2090417500486942 /* UIImage+Sizing.m in Sources */,
				3828F3812067CAD4008C99AD /* AJTextField.swift in Sources */,
				38AF67582035304F00DF0440 /* String.swift in Sources */,
				3893595120A5D792006A9890 /* ExtFields+CoreDataProperties.swift in Sources */,
				380A5DFE203D0AB40099B9A3 /* RoundableButton.swift in Sources */,
				38AF66EB2035261B00DF0440 /* AppDelegate.swift in Sources */,
				38FC1F2B20A3289C00F9E53B /* PageViewController.swift in Sources */,
				38710910209EE6C70067A924 /* MeViewController.swift in Sources */,
				38F39D7A209F4E2A00AD3A38 /* RolodexPageViewController.swift in Sources */,
				38755A67207FC2CA00F86F21 /* Wizcard+CoreDataProperties.swift in Sources */,
				38C0C04C2092CE4400D481AA /* LoginViewController.swift in Sources */,
				38AF67572035304F00DF0440 /* Notification.swift in Sources */,
				384A4ABD20789C3F006ABBBA /* LocationManager.swift in Sources */,
				38F39D77209F391300AD3A38 /* RolodexL2ViewController.swift in Sources */,
				386D644D208F158500FF2EF2 /* KACircleCropCutterView.swift in Sources */,
				3893595320A5E53B006A9890 /* VideoView.swift in Sources */,
				38C0C0482092CE4400D481AA /* ConfirmViewController.swift in Sources */,
				38C0C04B2092CE4400D481AA /* LoginPageContentViewController.swift in Sources */,
				38755A68207FC2CA00F86F21 /* Media+CoreDataClass.swift in Sources */,
				38C0C04D2092CE4400D481AA /* CreateProfileViewController.swift in Sources */,
				38178E51207B466500DA03E0 /* WizcardManager.swift in Sources */,
				38AF67532035304F00DF0440 /* Constants.swift in Sources */,
				38F39D80209F5E5700AD3A38 /* VideViewController.swift in Sources */,
				38755A6A207FC2CA00F86F21 /* ContactContainer+CoreDataClass.swift in Sources */,
				3855C40020A7FDEA00BE7FFF /* LandingScreenCell.swift in Sources */,
				38755A53207FB4F900F86F21 /* MediaManager.swift in Sources */,
				386D6446208F0E0000FF2EF2 /* RoundableUIImageView.swift in Sources */,
				38C0C0472092CE4400D481AA /* HelpViewController.swift in Sources */,
			);
			runOnlyForDeploymentPostprocessing = 0;
		};
		38AF66FA2035261B00DF0440 /* Sources */ = {
			isa = PBXSourcesBuildPhase;
			buildActionMask = 2147483647;
			files = (
				38AF67032035261B00DF0440 /* WizcardTests.swift in Sources */,
			);
			runOnlyForDeploymentPostprocessing = 0;
		};
		38AF67052035261B00DF0440 /* Sources */ = {
			isa = PBXSourcesBuildPhase;
			buildActionMask = 2147483647;
			files = (
				38AF670E2035261B00DF0440 /* WizcardUITests.swift in Sources */,
			);
			runOnlyForDeploymentPostprocessing = 0;
		};
/* End PBXSourcesBuildPhase section */

/* Begin PBXTargetDependency section */
		38AF67002035261B00DF0440 /* PBXTargetDependency */ = {
			isa = PBXTargetDependency;
			target = 38AF66E62035261B00DF0440 /* Wizcard */;
			targetProxy = 38AF66FF2035261B00DF0440 /* PBXContainerItemProxy */;
		};
		38AF670B2035261B00DF0440 /* PBXTargetDependency */ = {
			isa = PBXTargetDependency;
			target = 38AF66E62035261B00DF0440 /* Wizcard */;
			targetProxy = 38AF670A2035261B00DF0440 /* PBXContainerItemProxy */;
		};
/* End PBXTargetDependency section */

/* Begin PBXVariantGroup section */
		38AF66EE2035261B00DF0440 /* Main.storyboard */ = {
			isa = PBXVariantGroup;
			children = (
				38AF66EF2035261B00DF0440 /* Base */,
			);
			name = Main.storyboard;
			sourceTree = "<group>";
		};
		38AF66F62035261B00DF0440 /* LaunchScreen.storyboard */ = {
			isa = PBXVariantGroup;
			children = (
				38AF66F72035261B00DF0440 /* Base */,
			);
			name = LaunchScreen.storyboard;
			sourceTree = "<group>";
		};
		38C0C0392092CE4400D481AA /* Onboarding.storyboard */ = {
			isa = PBXVariantGroup;
			children = (
				38C0C03A2092CE4400D481AA /* Base */,
			);
			name = Onboarding.storyboard;
			sourceTree = "<group>";
		};
/* End PBXVariantGroup section */

/* Begin XCBuildConfiguration section */
		38AF67102035261B00DF0440 /* Debug */ = {
			isa = XCBuildConfiguration;
			buildSettings = {
				ALWAYS_SEARCH_USER_PATHS = NO;
				CLANG_ANALYZER_NONNULL = YES;
				CLANG_ANALYZER_NUMBER_OBJECT_CONVERSION = YES_AGGRESSIVE;
				CLANG_CXX_LANGUAGE_STANDARD = "gnu++14";
				CLANG_CXX_LIBRARY = "libc++";
				CLANG_ENABLE_MODULES = YES;
				CLANG_ENABLE_OBJC_ARC = YES;
				CLANG_WARN_BLOCK_CAPTURE_AUTORELEASING = YES;
				CLANG_WARN_BOOL_CONVERSION = YES;
				CLANG_WARN_COMMA = YES;
				CLANG_WARN_CONSTANT_CONVERSION = YES;
				CLANG_WARN_DIRECT_OBJC_ISA_USAGE = YES_ERROR;
				CLANG_WARN_DOCUMENTATION_COMMENTS = YES;
				CLANG_WARN_EMPTY_BODY = YES;
				CLANG_WARN_ENUM_CONVERSION = YES;
				CLANG_WARN_INFINITE_RECURSION = YES;
				CLANG_WARN_INT_CONVERSION = YES;
				CLANG_WARN_NON_LITERAL_NULL_CONVERSION = YES;
				CLANG_WARN_OBJC_LITERAL_CONVERSION = YES;
				CLANG_WARN_OBJC_ROOT_CLASS = YES_ERROR;
				CLANG_WARN_RANGE_LOOP_ANALYSIS = YES;
				CLANG_WARN_STRICT_PROTOTYPES = YES;
				CLANG_WARN_SUSPICIOUS_MOVE = YES;
				CLANG_WARN_UNGUARDED_AVAILABILITY = YES_AGGRESSIVE;
				CLANG_WARN_UNREACHABLE_CODE = YES;
				CLANG_WARN__DUPLICATE_METHOD_MATCH = YES;
				CODE_SIGN_IDENTITY = "iPhone Developer";
				COPY_PHASE_STRIP = NO;
				DEBUG_INFORMATION_FORMAT = dwarf;
				ENABLE_STRICT_OBJC_MSGSEND = YES;
				ENABLE_TESTABILITY = YES;
				GCC_C_LANGUAGE_STANDARD = gnu11;
				GCC_DYNAMIC_NO_PIC = NO;
				GCC_NO_COMMON_BLOCKS = YES;
				GCC_OPTIMIZATION_LEVEL = 0;
				GCC_PREPROCESSOR_DEFINITIONS = (
					"DEBUG=1",
					"$(inherited)",
				);
				GCC_WARN_64_TO_32_BIT_CONVERSION = YES;
				GCC_WARN_ABOUT_RETURN_TYPE = YES_ERROR;
				GCC_WARN_UNDECLARED_SELECTOR = YES;
				GCC_WARN_UNINITIALIZED_AUTOS = YES_AGGRESSIVE;
				GCC_WARN_UNUSED_FUNCTION = YES;
				GCC_WARN_UNUSED_VARIABLE = YES;
				IPHONEOS_DEPLOYMENT_TARGET = 11.2;
				MTL_ENABLE_DEBUG_INFO = YES;
				ONLY_ACTIVE_ARCH = YES;
				SDKROOT = iphoneos;
				SWIFT_ACTIVE_COMPILATION_CONDITIONS = DEBUG;
				SWIFT_OPTIMIZATION_LEVEL = "-Onone";
			};
			name = Debug;
		};
		38AF67112035261B00DF0440 /* Release */ = {
			isa = XCBuildConfiguration;
			buildSettings = {
				ALWAYS_SEARCH_USER_PATHS = NO;
				CLANG_ANALYZER_NONNULL = YES;
				CLANG_ANALYZER_NUMBER_OBJECT_CONVERSION = YES_AGGRESSIVE;
				CLANG_CXX_LANGUAGE_STANDARD = "gnu++14";
				CLANG_CXX_LIBRARY = "libc++";
				CLANG_ENABLE_MODULES = YES;
				CLANG_ENABLE_OBJC_ARC = YES;
				CLANG_WARN_BLOCK_CAPTURE_AUTORELEASING = YES;
				CLANG_WARN_BOOL_CONVERSION = YES;
				CLANG_WARN_COMMA = YES;
				CLANG_WARN_CONSTANT_CONVERSION = YES;
				CLANG_WARN_DIRECT_OBJC_ISA_USAGE = YES_ERROR;
				CLANG_WARN_DOCUMENTATION_COMMENTS = YES;
				CLANG_WARN_EMPTY_BODY = YES;
				CLANG_WARN_ENUM_CONVERSION = YES;
				CLANG_WARN_INFINITE_RECURSION = YES;
				CLANG_WARN_INT_CONVERSION = YES;
				CLANG_WARN_NON_LITERAL_NULL_CONVERSION = YES;
				CLANG_WARN_OBJC_LITERAL_CONVERSION = YES;
				CLANG_WARN_OBJC_ROOT_CLASS = YES_ERROR;
				CLANG_WARN_RANGE_LOOP_ANALYSIS = YES;
				CLANG_WARN_STRICT_PROTOTYPES = YES;
				CLANG_WARN_SUSPICIOUS_MOVE = YES;
				CLANG_WARN_UNGUARDED_AVAILABILITY = YES_AGGRESSIVE;
				CLANG_WARN_UNREACHABLE_CODE = YES;
				CLANG_WARN__DUPLICATE_METHOD_MATCH = YES;
				CODE_SIGN_IDENTITY = "iPhone Developer";
				COPY_PHASE_STRIP = NO;
				DEBUG_INFORMATION_FORMAT = "dwarf-with-dsym";
				ENABLE_NS_ASSERTIONS = NO;
				ENABLE_STRICT_OBJC_MSGSEND = YES;
				GCC_C_LANGUAGE_STANDARD = gnu11;
				GCC_NO_COMMON_BLOCKS = YES;
				GCC_WARN_64_TO_32_BIT_CONVERSION = YES;
				GCC_WARN_ABOUT_RETURN_TYPE = YES_ERROR;
				GCC_WARN_UNDECLARED_SELECTOR = YES;
				GCC_WARN_UNINITIALIZED_AUTOS = YES_AGGRESSIVE;
				GCC_WARN_UNUSED_FUNCTION = YES;
				GCC_WARN_UNUSED_VARIABLE = YES;
				IPHONEOS_DEPLOYMENT_TARGET = 11.2;
				MTL_ENABLE_DEBUG_INFO = NO;
				SDKROOT = iphoneos;
				SWIFT_OPTIMIZATION_LEVEL = "-Owholemodule";
				VALIDATE_PRODUCT = YES;
			};
			name = Release;
		};
		38AF67132035261B00DF0440 /* Debug */ = {
			isa = XCBuildConfiguration;
			baseConfigurationReference = DF251766D7D13FB34C234A2F /* Pods-Wizcard.debug.xcconfig */;
			buildSettings = {
				ASSETCATALOG_COMPILER_APPICON_NAME = AppIcon;
				"CODE_SIGN_IDENTITY[sdk=iphoneos*]" = "iPhone Developer";
				CODE_SIGN_STYLE = Manual;
				DEVELOPMENT_TEAM = DG94BG4RCF;
				FRAMEWORK_SEARCH_PATHS = (
					"$(inherited)",
					"$(PROJECT_DIR)",
				);
				INFOPLIST_FILE = Wizcard/Info.plist;
				IPHONEOS_DEPLOYMENT_TARGET = 10.0;
				LD_RUNPATH_SEARCH_PATHS = "$(inherited) @executable_path/Frameworks";
				PRODUCT_BUNDLE_IDENTIFIER = com.beta.wizcard;
				PRODUCT_NAME = "$(TARGET_NAME)";
				PROVISIONING_PROFILE = "64682602-7c74-42b0-ba6e-ece9b2112a96";
				PROVISIONING_PROFILE_SPECIFIER = "WizCard Development";
				SWIFT_OBJC_BRIDGING_HEADER = Wizcard/ObjectiveCHeader.h;
				SWIFT_VERSION = 4.0;
				TARGETED_DEVICE_FAMILY = 1;
			};
			name = Debug;
		};
		38AF67142035261B00DF0440 /* Release */ = {
			isa = XCBuildConfiguration;
			baseConfigurationReference = 647E1D45160EBD7E08AE1755 /* Pods-Wizcard.release.xcconfig */;
			buildSettings = {
				ASSETCATALOG_COMPILER_APPICON_NAME = AppIcon;
				"CODE_SIGN_IDENTITY[sdk=iphoneos*]" = "iPhone Distribution";
				CODE_SIGN_STYLE = Manual;
				DEVELOPMENT_TEAM = DG94BG4RCF;
				FRAMEWORK_SEARCH_PATHS = (
					"$(inherited)",
					"$(PROJECT_DIR)",
				);
				INFOPLIST_FILE = Wizcard/Info.plist;
				IPHONEOS_DEPLOYMENT_TARGET = 10.0;
				LD_RUNPATH_SEARCH_PATHS = "$(inherited) @executable_path/Frameworks";
				PRODUCT_BUNDLE_IDENTIFIER = com.beta.wizcard;
				PRODUCT_NAME = "$(TARGET_NAME)";
				PROVISIONING_PROFILE = "2e573572-176c-4e6b-b40a-0d3f2dd2fdd7";
				PROVISIONING_PROFILE_SPECIFIER = WizcardDistribution;
				SWIFT_OBJC_BRIDGING_HEADER = Wizcard/ObjectiveCHeader.h;
				SWIFT_VERSION = 4.0;
				TARGETED_DEVICE_FAMILY = 1;
			};
			name = Release;
		};
		38AF67162035261B00DF0440 /* Debug */ = {
			isa = XCBuildConfiguration;
			baseConfigurationReference = D8D786D588CE226B2B638FC2 /* Pods-WizcardTests.debug.xcconfig */;
			buildSettings = {
				ALWAYS_EMBED_SWIFT_STANDARD_LIBRARIES = YES;
				BUNDLE_LOADER = "$(TEST_HOST)";
				CODE_SIGN_STYLE = Automatic;
				INFOPLIST_FILE = WizcardTests/Info.plist;
				LD_RUNPATH_SEARCH_PATHS = "$(inherited) @executable_path/Frameworks @loader_path/Frameworks";
				PRODUCT_BUNDLE_IDENTIFIER = com.frimustechnologies.WizcardTests;
				PRODUCT_NAME = "$(TARGET_NAME)";
				SWIFT_VERSION = 4.0;
				TARGETED_DEVICE_FAMILY = "1,2";
				TEST_HOST = "$(BUILT_PRODUCTS_DIR)/Wizcard.app/Wizcard";
			};
			name = Debug;
		};
		38AF67172035261B00DF0440 /* Release */ = {
			isa = XCBuildConfiguration;
			baseConfigurationReference = FEEA8B0F4419350F413F15A0 /* Pods-WizcardTests.release.xcconfig */;
			buildSettings = {
				ALWAYS_EMBED_SWIFT_STANDARD_LIBRARIES = YES;
				BUNDLE_LOADER = "$(TEST_HOST)";
				CODE_SIGN_STYLE = Automatic;
				INFOPLIST_FILE = WizcardTests/Info.plist;
				LD_RUNPATH_SEARCH_PATHS = "$(inherited) @executable_path/Frameworks @loader_path/Frameworks";
				PRODUCT_BUNDLE_IDENTIFIER = com.frimustechnologies.WizcardTests;
				PRODUCT_NAME = "$(TARGET_NAME)";
				SWIFT_VERSION = 4.0;
				TARGETED_DEVICE_FAMILY = "1,2";
				TEST_HOST = "$(BUILT_PRODUCTS_DIR)/Wizcard.app/Wizcard";
			};
			name = Release;
		};
		38AF67192035261B00DF0440 /* Debug */ = {
			isa = XCBuildConfiguration;
			baseConfigurationReference = 9BDC2FDBA35723E2D3C9BAC9 /* Pods-WizcardUITests.debug.xcconfig */;
			buildSettings = {
				ALWAYS_EMBED_SWIFT_STANDARD_LIBRARIES = YES;
				CODE_SIGN_STYLE = Automatic;
				INFOPLIST_FILE = WizcardUITests/Info.plist;
				LD_RUNPATH_SEARCH_PATHS = "$(inherited) @executable_path/Frameworks @loader_path/Frameworks";
				PRODUCT_BUNDLE_IDENTIFIER = com.frimustechnologies.WizcardUITests;
				PRODUCT_NAME = "$(TARGET_NAME)";
				SWIFT_VERSION = 4.0;
				TARGETED_DEVICE_FAMILY = "1,2";
				TEST_TARGET_NAME = Wizcard;
			};
			name = Debug;
		};
		38AF671A2035261B00DF0440 /* Release */ = {
			isa = XCBuildConfiguration;
			baseConfigurationReference = 81FC8008D922B2C8ADF4C67E /* Pods-WizcardUITests.release.xcconfig */;
			buildSettings = {
				ALWAYS_EMBED_SWIFT_STANDARD_LIBRARIES = YES;
				CODE_SIGN_STYLE = Automatic;
				INFOPLIST_FILE = WizcardUITests/Info.plist;
				LD_RUNPATH_SEARCH_PATHS = "$(inherited) @executable_path/Frameworks @loader_path/Frameworks";
				PRODUCT_BUNDLE_IDENTIFIER = com.frimustechnologies.WizcardUITests;
				PRODUCT_NAME = "$(TARGET_NAME)";
				SWIFT_VERSION = 4.0;
				TARGETED_DEVICE_FAMILY = "1,2";
				TEST_TARGET_NAME = Wizcard;
			};
			name = Release;
		};
/* End XCBuildConfiguration section */

/* Begin XCConfigurationList section */
		38AF66E22035261B00DF0440 /* Build configuration list for PBXProject "Wizcard" */ = {
			isa = XCConfigurationList;
			buildConfigurations = (
				38AF67102035261B00DF0440 /* Debug */,
				38AF67112035261B00DF0440 /* Release */,
			);
			defaultConfigurationIsVisible = 0;
			defaultConfigurationName = Release;
		};
		38AF67122035261B00DF0440 /* Build configuration list for PBXNativeTarget "Wizcard" */ = {
			isa = XCConfigurationList;
			buildConfigurations = (
				38AF67132035261B00DF0440 /* Debug */,
				38AF67142035261B00DF0440 /* Release */,
			);
			defaultConfigurationIsVisible = 0;
			defaultConfigurationName = Release;
		};
		38AF67152035261B00DF0440 /* Build configuration list for PBXNativeTarget "WizcardTests" */ = {
			isa = XCConfigurationList;
			buildConfigurations = (
				38AF67162035261B00DF0440 /* Debug */,
				38AF67172035261B00DF0440 /* Release */,
			);
			defaultConfigurationIsVisible = 0;
			defaultConfigurationName = Release;
		};
		38AF67182035261B00DF0440 /* Build configuration list for PBXNativeTarget "WizcardUITests" */ = {
			isa = XCConfigurationList;
			buildConfigurations = (
				38AF67192035261B00DF0440 /* Debug */,
				38AF671A2035261B00DF0440 /* Release */,
			);
			defaultConfigurationIsVisible = 0;
			defaultConfigurationName = Release;
		};
/* End XCConfigurationList section */

/* Begin XCVersionGroup section */
		381EB712207467C7005597A2 /* WizcardCore.xcdatamodeld */ = {
			isa = XCVersionGroup;
			children = (
				381EB713207467C7005597A2 /* WizcardCore.xcdatamodel */,
			);
			currentVersion = 381EB713207467C7005597A2 /* WizcardCore.xcdatamodel */;
			path = WizcardCore.xcdatamodeld;
			sourceTree = "<group>";
			versionGroupType = wrapper.xcdatamodel;
		};
/* End XCVersionGroup section */
	};
	rootObject = 38AF66DF2035261B00DF0440 /* Project object */;
}
